// !$*UTF8*$!
{
	archiveVersion = 1;
	classes = {
	};
	objectVersion = 56;
	objects = {

/* Begin PBXBuildFile section */
		B8F5AA4729CF600500F18CCC /* LeeoSwiftUI3App.swift in Sources */ = {isa = PBXBuildFile; fileRef = B8F5AA4629CF600500F18CCC /* LeeoSwiftUI3App.swift */; };
		B8F5AA4929CF600500F18CCC /* ContentView.swift in Sources */ = {isa = PBXBuildFile; fileRef = B8F5AA4829CF600500F18CCC /* ContentView.swift */; };
		B8F5AA4B29CF600600F18CCC /* Assets.xcassets in Resources */ = {isa = PBXBuildFile; fileRef = B8F5AA4A29CF600600F18CCC /* Assets.xcassets */; };
		B8F5AA4E29CF600600F18CCC /* Preview Assets.xcassets in Resources */ = {isa = PBXBuildFile; fileRef = B8F5AA4D29CF600600F18CCC /* Preview Assets.xcassets */; };
		B8F5AA5529D03D2400F18CCC /* MyTextEditor.swift in Sources */ = {isa = PBXBuildFile; fileRef = B8F5AA5429D03D2400F18CCC /* MyTextEditor.swift */; };
		B8F5AA5729D03D7E00F18CCC /* MyPicker.swift in Sources */ = {isa = PBXBuildFile; fileRef = B8F5AA5629D03D7E00F18CCC /* MyPicker.swift */; };
		B8F5AA5929D03E0600F18CCC /* MyStepper.swift in Sources */ = {isa = PBXBuildFile; fileRef = B8F5AA5829D03E0600F18CCC /* MyStepper.swift */; };
		B8F5AA5B29D03E2C00F18CCC /* MySlider.swift in Sources */ = {isa = PBXBuildFile; fileRef = B8F5AA5A29D03E2C00F18CCC /* MySlider.swift */; };
		B8F5AA5D29D03E6100F18CCC /* MyBinding.swift in Sources */ = {isa = PBXBuildFile; fileRef = B8F5AA5C29D03E6100F18CCC /* MyBinding.swift */; };
		B8F5AA5F29D03EAC00F18CCC /* MyShape.swift in Sources */ = {isa = PBXBuildFile; fileRef = B8F5AA5E29D03EAC00F18CCC /* MyShape.swift */; };
		B8F5AA6129D03EDA00F18CCC /* MyColorHex.swift in Sources */ = {isa = PBXBuildFile; fileRef = B8F5AA6029D03EDA00F18CCC /* MyColorHex.swift */; };
		B8F5AA9C29D0605D00F18CCC /* MyAnimation.swift in Sources */ = {isa = PBXBuildFile; fileRef = B8F5AA9B29D0605D00F18CCC /* MyAnimation.swift */; };
		B8F5AA9E29D0655800F18CCC /* MyGradient.swift in Sources */ = {isa = PBXBuildFile; fileRef = B8F5AA9D29D0655800F18CCC /* MyGradient.swift */; };
		B8F5AAA029D06D5000F18CCC /* MyForm.swift in Sources */ = {isa = PBXBuildFile; fileRef = B8F5AA9F29D06D5000F18CCC /* MyForm.swift */; };
		B8F5AAA229D06F3A00F18CCC /* MyGrid.swift in Sources */ = {isa = PBXBuildFile; fileRef = B8F5AAA129D06F3A00F18CCC /* MyGrid.swift */; };
/* End PBXBuildFile section */

/* Begin PBXFileReference section */
		B8F5AA4329CF600500F18CCC /* LeeoSwiftUI3.app */ = {isa = PBXFileReference; explicitFileType = wrapper.application; includeInIndex = 0; path = LeeoSwiftUI3.app; sourceTree = BUILT_PRODUCTS_DIR; };
		B8F5AA4629CF600500F18CCC /* LeeoSwiftUI3App.swift */ = {isa = PBXFileReference; lastKnownFileType = sourcecode.swift; path = LeeoSwiftUI3App.swift; sourceTree = "<group>"; };
		B8F5AA4829CF600500F18CCC /* ContentView.swift */ = {isa = PBXFileReference; lastKnownFileType = sourcecode.swift; path = ContentView.swift; sourceTree = "<group>"; };
		B8F5AA4A29CF600600F18CCC /* Assets.xcassets */ = {isa = PBXFileReference; lastKnownFileType = folder.assetcatalog; path = Assets.xcassets; sourceTree = "<group>"; };
		B8F5AA4D29CF600600F18CCC /* Preview Assets.xcassets */ = {isa = PBXFileReference; lastKnownFileType = folder.assetcatalog; path = "Preview Assets.xcassets"; sourceTree = "<group>"; };
		B8F5AA5429D03D2400F18CCC /* MyTextEditor.swift */ = {isa = PBXFileReference; lastKnownFileType = sourcecode.swift; path = MyTextEditor.swift; sourceTree = "<group>"; };
		B8F5AA5629D03D7E00F18CCC /* MyPicker.swift */ = {isa = PBXFileReference; lastKnownFileType = sourcecode.swift; path = MyPicker.swift; sourceTree = "<group>"; };
		B8F5AA5829D03E0600F18CCC /* MyStepper.swift */ = {isa = PBXFileReference; lastKnownFileType = sourcecode.swift; path = MyStepper.swift; sourceTree = "<group>"; };
		B8F5AA5A29D03E2C00F18CCC /* MySlider.swift */ = {isa = PBXFileReference; lastKnownFileType = sourcecode.swift; path = MySlider.swift; sourceTree = "<group>"; };
		B8F5AA5C29D03E6100F18CCC /* MyBinding.swift */ = {isa = PBXFileReference; lastKnownFileType = sourcecode.swift; path = MyBinding.swift; sourceTree = "<group>"; };
		B8F5AA5E29D03EAC00F18CCC /* MyShape.swift */ = {isa = PBXFileReference; lastKnownFileType = sourcecode.swift; path = MyShape.swift; sourceTree = "<group>"; };
		B8F5AA6029D03EDA00F18CCC /* MyColorHex.swift */ = {isa = PBXFileReference; lastKnownFileType = sourcecode.swift; path = MyColorHex.swift; sourceTree = "<group>"; };
		B8F5AA9B29D0605D00F18CCC /* MyAnimation.swift */ = {isa = PBXFileReference; lastKnownFileType = sourcecode.swift; path = MyAnimation.swift; sourceTree = "<group>"; };
		B8F5AA9D29D0655800F18CCC /* MyGradient.swift */ = {isa = PBXFileReference; lastKnownFileType = sourcecode.swift; path = MyGradient.swift; sourceTree = "<group>"; };
		B8F5AA9F29D06D5000F18CCC /* MyForm.swift */ = {isa = PBXFileReference; lastKnownFileType = sourcecode.swift; path = MyForm.swift; sourceTree = "<group>"; };
		B8F5AAA129D06F3A00F18CCC /* MyGrid.swift */ = {isa = PBXFileReference; lastKnownFileType = sourcecode.swift; path = MyGrid.swift; sourceTree = "<group>"; };
/* End PBXFileReference section */

/* Begin PBXFrameworksBuildPhase section */
		B8F5AA4029CF600500F18CCC /* Frameworks */ = {
			isa = PBXFrameworksBuildPhase;
			buildActionMask = 2147483647;
			files = (
			);
			runOnlyForDeploymentPostprocessing = 0;
		};
/* End PBXFrameworksBuildPhase section */

/* Begin PBXGroup section */
		B8F5AA3A29CF600500F18CCC = {
			isa = PBXGroup;
			children = (
				B8F5AA4529CF600500F18CCC /* LeeoSwiftUI3 */,
				B8F5AA4429CF600500F18CCC /* Products */,
			);
			sourceTree = "<group>";
		};
		B8F5AA4429CF600500F18CCC /* Products */ = {
			isa = PBXGroup;
			children = (
				B8F5AA4329CF600500F18CCC /* LeeoSwiftUI3.app */,
			);
			name = Products;
			sourceTree = "<group>";
		};
		B8F5AA4529CF600500F18CCC /* LeeoSwiftUI3 */ = {
			isa = PBXGroup;
			children = (
				B8F5AA4629CF600500F18CCC /* LeeoSwiftUI3App.swift */,
				B8F5AA4829CF600500F18CCC /* ContentView.swift */,
				B8F5AA6029D03EDA00F18CCC /* MyColorHex.swift */,
				B8F5AA5429D03D2400F18CCC /* MyTextEditor.swift */,
				B8F5AA5629D03D7E00F18CCC /* MyPicker.swift */,
				B8F5AA5829D03E0600F18CCC /* MyStepper.swift */,
				B8F5AA5A29D03E2C00F18CCC /* MySlider.swift */,
				B8F5AA5C29D03E6100F18CCC /* MyBinding.swift */,
				B8F5AA5E29D03EAC00F18CCC /* MyShape.swift */,
				B8F5AA4A29CF600600F18CCC /* Assets.xcassets */,
				B8F5AA9B29D0605D00F18CCC /* MyAnimation.swift */,
				B8F5AA9D29D0655800F18CCC /* MyGradient.swift */,
				B8F5AA9F29D06D5000F18CCC /* MyForm.swift */,
				B8F5AAA129D06F3A00F18CCC /* MyGrid.swift */,
				B8F5AA4C29CF600600F18CCC /* Preview Content */,
			);
			path = LeeoSwiftUI3;
			sourceTree = "<group>";
		};
		B8F5AA4C29CF600600F18CCC /* Preview Content */ = {
			isa = PBXGroup;
			children = (
				B8F5AA4D29CF600600F18CCC /* Preview Assets.xcassets */,
			);
			path = "Preview Content";
			sourceTree = "<group>";
		};
/* End PBXGroup section */

/* Begin PBXNativeTarget section */
		B8F5AA4229CF600500F18CCC /* LeeoSwiftUI3 */ = {
			isa = PBXNativeTarget;
			buildConfigurationList = B8F5AA5129CF600600F18CCC /* Build configuration list for PBXNativeTarget "LeeoSwiftUI3" */;
			buildPhases = (
				B8F5AA3F29CF600500F18CCC /* Sources */,
				B8F5AA4029CF600500F18CCC /* Frameworks */,
				B8F5AA4129CF600500F18CCC /* Resources */,
			);
			buildRules = (
			);
			dependencies = (
			);
			name = LeeoSwiftUI3;
			productName = LeeoSwiftUI3;
			productReference = B8F5AA4329CF600500F18CCC /* LeeoSwiftUI3.app */;
			productType = "com.apple.product-type.application";
		};
/* End PBXNativeTarget section */

/* Begin PBXProject section */
		B8F5AA3B29CF600500F18CCC /* Project object */ = {
			isa = PBXProject;
			attributes = {
				BuildIndependentTargetsInParallel = 1;
				LastSwiftUpdateCheck = 1420;
				LastUpgradeCheck = 1420;
				TargetAttributes = {
					B8F5AA4229CF600500F18CCC = {
						CreatedOnToolsVersion = 14.2;
					};
				};
			};
			buildConfigurationList = B8F5AA3E29CF600500F18CCC /* Build configuration list for PBXProject "LeeoSwiftUI3" */;
			compatibilityVersion = "Xcode 14.0";
			developmentRegion = en;
			hasScannedForEncodings = 0;
			knownRegions = (
				en,
				Base,
			);
			mainGroup = B8F5AA3A29CF600500F18CCC;
			productRefGroup = B8F5AA4429CF600500F18CCC /* Products */;
			projectDirPath = "";
			projectRoot = "";
			targets = (
				B8F5AA4229CF600500F18CCC /* LeeoSwiftUI3 */,
			);
		};
/* End PBXProject section */

/* Begin PBXResourcesBuildPhase section */
		B8F5AA4129CF600500F18CCC /* Resources */ = {
			isa = PBXResourcesBuildPhase;
			buildActionMask = 2147483647;
			files = (
				B8F5AA4E29CF600600F18CCC /* Preview Assets.xcassets in Resources */,
				B8F5AA4B29CF600600F18CCC /* Assets.xcassets in Resources */,
			);
			runOnlyForDeploymentPostprocessing = 0;
		};
/* End PBXResourcesBuildPhase section */

/* Begin PBXSourcesBuildPhase section */
		B8F5AA3F29CF600500F18CCC /* Sources */ = {
			isa = PBXSourcesBuildPhase;
			buildActionMask = 2147483647;
			files = (
				B8F5AA5D29D03E6100F18CCC /* MyBinding.swift in Sources */,
				B8F5AA5B29D03E2C00F18CCC /* MySlider.swift in Sources */,
				B8F5AA4929CF600500F18CCC /* ContentView.swift in Sources */,
				B8F5AA5729D03D7E00F18CCC /* MyPicker.swift in Sources */,
				B8F5AA9C29D0605D00F18CCC /* MyAnimation.swift in Sources */,
				B8F5AA5529D03D2400F18CCC /* MyTextEditor.swift in Sources */,
				B8F5AAA229D06F3A00F18CCC /* MyGrid.swift in Sources */,
				B8F5AA5929D03E0600F18CCC /* MyStepper.swift in Sources */,
				B8F5AA9E29D0655800F18CCC /* MyGradient.swift in Sources */,
				B8F5AA6129D03EDA00F18CCC /* MyColorHex.swift in Sources */,
				B8F5AAA029D06D5000F18CCC /* MyForm.swift in Sources */,
				B8F5AA4729CF600500F18CCC /* LeeoSwiftUI3App.swift in Sources */,
				B8F5AA5F29D03EAC00F18CCC /* MyShape.swift in Sources */,
			);
			runOnlyForDeploymentPostprocessing = 0;
		};
/* End PBXSourcesBuildPhase section */

/* Begin XCBuildConfiguration section */
		B8F5AA4F29CF600600F18CCC /* Debug */ = {
			isa = XCBuildConfiguration;
			buildSettings = {
				ALWAYS_SEARCH_USER_PATHS = NO;
				CLANG_ANALYZER_NONNULL = YES;
				CLANG_ANALYZER_NUMBER_OBJECT_CONVERSION = YES_AGGRESSIVE;
				CLANG_CXX_LANGUAGE_STANDARD = "gnu++20";
				CLANG_ENABLE_MODULES = YES;
				CLANG_ENABLE_OBJC_ARC = YES;
				CLANG_ENABLE_OBJC_WEAK = YES;
				CLANG_WARN_BLOCK_CAPTURE_AUTORELEASING = YES;
				CLANG_WARN_BOOL_CONVERSION = YES;
				CLANG_WARN_COMMA = YES;
				CLANG_WARN_CONSTANT_CONVERSION = YES;
				CLANG_WARN_DEPRECATED_OBJC_IMPLEMENTATIONS = YES;
				CLANG_WARN_DIRECT_OBJC_ISA_USAGE = YES_ERROR;
				CLANG_WARN_DOCUMENTATION_COMMENTS = YES;
				CLANG_WARN_EMPTY_BODY = YES;
				CLANG_WARN_ENUM_CONVERSION = YES;
				CLANG_WARN_INFINITE_RECURSION = YES;
				CLANG_WARN_INT_CONVERSION = YES;
				CLANG_WARN_NON_LITERAL_NULL_CONVERSION = YES;
				CLANG_WARN_OBJC_IMPLICIT_RETAIN_SELF = YES;
				CLANG_WARN_OBJC_LITERAL_CONVERSION = YES;
				CLANG_WARN_OBJC_ROOT_CLASS = YES_ERROR;
				CLANG_WARN_QUOTED_INCLUDE_IN_FRAMEWORK_HEADER = YES;
				CLANG_WARN_RANGE_LOOP_ANALYSIS = YES;
				CLANG_WARN_STRICT_PROTOTYPES = YES;
				CLANG_WARN_SUSPICIOUS_MOVE = YES;
				CLANG_WARN_UNGUARDED_AVAILABILITY = YES_AGGRESSIVE;
				CLANG_WARN_UNREACHABLE_CODE = YES;
				CLANG_WARN__DUPLICATE_METHOD_MATCH = YES;
				COPY_PHASE_STRIP = NO;
				DEBUG_INFORMATION_FORMAT = dwarf;
				ENABLE_STRICT_OBJC_MSGSEND = YES;
				ENABLE_TESTABILITY = YES;
				GCC_C_LANGUAGE_STANDARD = gnu11;
				GCC_DYNAMIC_NO_PIC = NO;
				GCC_NO_COMMON_BLOCKS = YES;
				GCC_OPTIMIZATION_LEVEL = 0;
				GCC_PREPROCESSOR_DEFINITIONS = (
					"DEBUG=1",
					"$(inherited)",
				);
				GCC_WARN_64_TO_32_BIT_CONVERSION = YES;
				GCC_WARN_ABOUT_RETURN_TYPE = YES_ERROR;
				GCC_WARN_UNDECLARED_SELECTOR = YES;
				GCC_WARN_UNINITIALIZED_AUTOS = YES_AGGRESSIVE;
				GCC_WARN_UNUSED_FUNCTION = YES;
				GCC_WARN_UNUSED_VARIABLE = YES;
				IPHONEOS_DEPLOYMENT_TARGET = 16.2;
				MTL_ENABLE_DEBUG_INFO = INCLUDE_SOURCE;
				MTL_FAST_MATH = YES;
				ONLY_ACTIVE_ARCH = YES;
				SDKROOT = iphoneos;
				SWIFT_ACTIVE_COMPILATION_CONDITIONS = DEBUG;
				SWIFT_OPTIMIZATION_LEVEL = "-Onone";
			};
			name = Debug;
		};
		B8F5AA5029CF600600F18CCC /* Release */ = {
			isa = XCBuildConfiguration;
			buildSettings = {
				ALWAYS_SEARCH_USER_PATHS = NO;
				CLANG_ANALYZER_NONNULL = YES;
				CLANG_ANALYZER_NUMBER_OBJECT_CONVERSION = YES_AGGRESSIVE;
				CLANG_CXX_LANGUAGE_STANDARD = "gnu++20";
				CLANG_ENABLE_MODULES = YES;
				CLANG_ENABLE_OBJC_ARC = YES;
				CLANG_ENABLE_OBJC_WEAK = YES;
				CLANG_WARN_BLOCK_CAPTURE_AUTORELEASING = YES;
				CLANG_WARN_BOOL_CONVERSION = YES;
				CLANG_WARN_COMMA = YES;
				CLANG_WARN_CONSTANT_CONVERSION = YES;
				CLANG_WARN_DEPRECATED_OBJC_IMPLEMENTATIONS = YES;
				CLANG_WARN_DIRECT_OBJC_ISA_USAGE = YES_ERROR;
				CLANG_WARN_DOCUMENTATION_COMMENTS = YES;
				CLANG_WARN_EMPTY_BODY = YES;
				CLANG_WARN_ENUM_CONVERSION = YES;
				CLANG_WARN_INFINITE_RECURSION = YES;
				CLANG_WARN_INT_CONVERSION = YES;
				CLANG_WARN_NON_LITERAL_NULL_CONVERSION = YES;
				CLANG_WARN_OBJC_IMPLICIT_RETAIN_SELF = YES;
				CLANG_WARN_OBJC_LITERAL_CONVERSION = YES;
				CLANG_WARN_OBJC_ROOT_CLASS = YES_ERROR;
				CLANG_WARN_QUOTED_INCLUDE_IN_FRAMEWORK_HEADER = YES;
				CLANG_WARN_RANGE_LOOP_ANALYSIS = YES;
				CLANG_WARN_STRICT_PROTOTYPES = YES;
				CLANG_WARN_SUSPICIOUS_MOVE = YES;
				CLANG_WARN_UNGUARDED_AVAILABILITY = YES_AGGRESSIVE;
				CLANG_WARN_UNREACHABLE_CODE = YES;
				CLANG_WARN__DUPLICATE_METHOD_MATCH = YES;
				COPY_PHASE_STRIP = NO;
				DEBUG_INFORMATION_FORMAT = "dwarf-with-dsym";
				ENABLE_NS_ASSERTIONS = NO;
				ENABLE_STRICT_OBJC_MSGSEND = YES;
				GCC_C_LANGUAGE_STANDARD = gnu11;
				GCC_NO_COMMON_BLOCKS = YES;
				GCC_WARN_64_TO_32_BIT_CONVERSION = YES;
				GCC_WARN_ABOUT_RETURN_TYPE = YES_ERROR;
				GCC_WARN_UNDECLARED_SELECTOR = YES;
				GCC_WARN_UNINITIALIZED_AUTOS = YES_AGGRESSIVE;
				GCC_WARN_UNUSED_FUNCTION = YES;
				GCC_WARN_UNUSED_VARIABLE = YES;
				IPHONEOS_DEPLOYMENT_TARGET = 16.2;
				MTL_ENABLE_DEBUG_INFO = NO;
				MTL_FAST_MATH = YES;
				SDKROOT = iphoneos;
				SWIFT_COMPILATION_MODE = wholemodule;
				SWIFT_OPTIMIZATION_LEVEL = "-O";
				VALIDATE_PRODUCT = YES;
			};
			name = Release;
		};
		B8F5AA5229CF600600F18CCC /* Debug */ = {
			isa = XCBuildConfiguration;
			buildSettings = {
				ASSETCATALOG_COMPILER_APPICON_NAME = AppIcon;
				ASSETCATALOG_COMPILER_GLOBAL_ACCENT_COLOR_NAME = AccentColor;
				CODE_SIGN_STYLE = Automatic;
				CURRENT_PROJECT_VERSION = 1;
				DEVELOPMENT_ASSET_PATHS = "\"LeeoSwiftUI3/Preview Content\"";
				DEVELOPMENT_TEAM = RCM87YWJ79;
				ENABLE_PREVIEWS = YES;
				GENERATE_INFOPLIST_FILE = YES;
				INFOPLIST_KEY_UIApplicationSceneManifest_Generation = YES;
				INFOPLIST_KEY_UIApplicationSupportsIndirectInputEvents = YES;
				INFOPLIST_KEY_UILaunchScreen_Generation = YES;
				INFOPLIST_KEY_UISupportedInterfaceOrientations_iPad = "UIInterfaceOrientationPortrait UIInterfaceOrientationPortraitUpsideDown UIInterfaceOrientationLandscapeLeft UIInterfaceOrientationLandscapeRight";
				INFOPLIST_KEY_UISupportedInterfaceOrientations_iPhone = "UIInterfaceOrientationPortrait UIInterfaceOrientationLandscapeLeft UIInterfaceOrientationLandscapeRight";
				LD_RUNPATH_SEARCH_PATHS = (
					"$(inherited)",
					"@executable_path/Frameworks",
				);
				MARKETING_VERSION = 1.0;
				PRODUCT_BUNDLE_IDENTIFIER = kybeen.LeeoSwiftUI3;
				PRODUCT_NAME = "$(TARGET_NAME)";
				SWIFT_EMIT_LOC_STRINGS = YES;
				SWIFT_VERSION = 5.0;
				TARGETED_DEVICE_FAMILY = "1,2";
			};
			name = Debug;
		};
		B8F5AA5329CF600600F18CCC /* Release */ = {
			isa = XCBuildConfiguration;
			buildSettings = {
				ASSETCATALOG_COMPILER_APPICON_NAME = AppIcon;
				ASSETCATALOG_COMPILER_GLOBAL_ACCENT_COLOR_NAME = AccentColor;
				CODE_SIGN_STYLE = Automatic;
				CURRENT_PROJECT_VERSION = 1;
				DEVELOPMENT_ASSET_PATHS = "\"LeeoSwiftUI3/Preview Content\"";
				DEVELOPMENT_TEAM = RCM87YWJ79;
				ENABLE_PREVIEWS = YES;
				GENERATE_INFOPLIST_FILE = YES;
				INFOPLIST_KEY_UIApplicationSceneManifest_Generation = YES;
				INFOPLIST_KEY_UIApplicationSupportsIndirectInputEvents = YES;
				INFOPLIST_KEY_UILaunchScreen_Generation = YES;
				INFOPLIST_KEY_UISupportedInterfaceOrientations_iPad = "UIInterfaceOrientationPortrait UIInterfaceOrientationPortraitUpsideDown UIInterfaceOrientationLandscapeLeft UIInterfaceOrientationLandscapeRight";
				INFOPLIST_KEY_UISupportedInterfaceOrientations_iPhone = "UIInterfaceOrientationPortrait UIInterfaceOrientationLandscapeLeft UIInterfaceOrientationLandscapeRight";
				LD_RUNPATH_SEARCH_PATHS = (
					"$(inherited)",
					"@executable_path/Frameworks",
				);
				MARKETING_VERSION = 1.0;
				PRODUCT_BUNDLE_IDENTIFIER = kybeen.LeeoSwiftUI3;
				PRODUCT_NAME = "$(TARGET_NAME)";
				SWIFT_EMIT_LOC_STRINGS = YES;
				SWIFT_VERSION = 5.0;
				TARGETED_DEVICE_FAMILY = "1,2";
			};
			name = Release;
		};
/* End XCBuildConfiguration section */

/* Begin XCConfigurationList section */
		B8F5AA3E29CF600500F18CCC /* Build configuration list for PBXProject "LeeoSwiftUI3" */ = {
			isa = XCConfigurationList;
			buildConfigurations = (
				B8F5AA4F29CF600600F18CCC /* Debug */,
				B8F5AA5029CF600600F18CCC /* Release */,
			);
			defaultConfigurationIsVisible = 0;
			defaultConfigurationName = Release;
		};
		B8F5AA5129CF600600F18CCC /* Build configuration list for PBXNativeTarget "LeeoSwiftUI3" */ = {
			isa = XCConfigurationList;
			buildConfigurations = (
				B8F5AA5229CF600600F18CCC /* Debug */,
				B8F5AA5329CF600600F18CCC /* Release */,
			);
			defaultConfigurationIsVisible = 0;
			defaultConfigurationName = Release;
		};
/* End XCConfigurationList section */
	};
	rootObject = B8F5AA3B29CF600500F18CCC /* Project object */;
}
