// !$*UTF8*$!
{
	archiveVersion = 1;
	classes = {
	};
	objectVersion = 56;
	objects = {

/* Begin PBXBuildFile section */
		B84D81382A5564350073063F /* WatchConnectivityStudyApp.swift in Sources */ = {isa = PBXBuildFile; fileRef = B84D81372A5564350073063F /* WatchConnectivityStudyApp.swift */; };
		B84D813A2A5564350073063F /* ContentView.swift in Sources */ = {isa = PBXBuildFile; fileRef = B84D81392A5564350073063F /* ContentView.swift */; };
		B84D813C2A5564360073063F /* Assets.xcassets in Resources */ = {isa = PBXBuildFile; fileRef = B84D813B2A5564360073063F /* Assets.xcassets */; };
		B84D813F2A5564360073063F /* Preview Assets.xcassets in Resources */ = {isa = PBXBuildFile; fileRef = B84D813E2A5564360073063F /* Preview Assets.xcassets */; };
		B84D81462A5564A20073063F /* WatchConnectivityManager.swift in Sources */ = {isa = PBXBuildFile; fileRef = B84D81452A5564A20073063F /* WatchConnectivityManager.swift */; };
		B84D814E2A55671D0073063F /* ConnectedWatchApp.swift in Sources */ = {isa = PBXBuildFile; fileRef = B84D814D2A55671D0073063F /* ConnectedWatchApp.swift */; };
		B84D81502A55671D0073063F /* ContentView.swift in Sources */ = {isa = PBXBuildFile; fileRef = B84D814F2A55671D0073063F /* ContentView.swift */; };
		B84D81522A55671E0073063F /* Assets.xcassets in Resources */ = {isa = PBXBuildFile; fileRef = B84D81512A55671E0073063F /* Assets.xcassets */; };
		B84D81552A55671E0073063F /* Preview Assets.xcassets in Resources */ = {isa = PBXBuildFile; fileRef = B84D81542A55671E0073063F /* Preview Assets.xcassets */; };
		B84D81582A55671E0073063F /* ConnectedWatch Watch App.app in Embed Watch Content */ = {isa = PBXBuildFile; fileRef = B84D814B2A55671D0073063F /* ConnectedWatch Watch App.app */; settings = {ATTRIBUTES = (RemoveHeadersOnCopy, ); }; };
		B84D815D2A5567250073063F /* WatchConnectivityManager.swift in Sources */ = {isa = PBXBuildFile; fileRef = B84D81452A5564A20073063F /* WatchConnectivityManager.swift */; };
/* End PBXBuildFile section */

/* Begin PBXContainerItemProxy section */
		B84D81562A55671E0073063F /* PBXContainerItemProxy */ = {
			isa = PBXContainerItemProxy;
			containerPortal = B84D812C2A5564350073063F /* Project object */;
			proxyType = 1;
			remoteGlobalIDString = B84D814A2A55671D0073063F;
			remoteInfo = "ConnectedWatch Watch App";
		};
/* End PBXContainerItemProxy section */

/* Begin PBXCopyFilesBuildPhase section */
		B84D815C2A55671E0073063F /* Embed Watch Content */ = {
			isa = PBXCopyFilesBuildPhase;
			buildActionMask = 2147483647;
			dstPath = "$(CONTENTS_FOLDER_PATH)/Watch";
			dstSubfolderSpec = 16;
			files = (
				B84D81582A55671E0073063F /* ConnectedWatch Watch App.app in Embed Watch Content */,
			);
			name = "Embed Watch Content";
			runOnlyForDeploymentPostprocessing = 0;
		};
/* End PBXCopyFilesBuildPhase section */

/* Begin PBXFileReference section */
		B84D81342A5564350073063F /* WatchConnectivityStudy.app */ = {isa = PBXFileReference; explicitFileType = wrapper.application; includeInIndex = 0; path = WatchConnectivityStudy.app; sourceTree = BUILT_PRODUCTS_DIR; };
		B84D81372A5564350073063F /* WatchConnectivityStudyApp.swift */ = {isa = PBXFileReference; lastKnownFileType = sourcecode.swift; path = WatchConnectivityStudyApp.swift; sourceTree = "<group>"; };
		B84D81392A5564350073063F /* ContentView.swift */ = {isa = PBXFileReference; lastKnownFileType = sourcecode.swift; path = ContentView.swift; sourceTree = "<group>"; };
		B84D813B2A5564360073063F /* Assets.xcassets */ = {isa = PBXFileReference; lastKnownFileType = folder.assetcatalog; path = Assets.xcassets; sourceTree = "<group>"; };
		B84D813E2A5564360073063F /* Preview Assets.xcassets */ = {isa = PBXFileReference; lastKnownFileType = folder.assetcatalog; path = "Preview Assets.xcassets"; sourceTree = "<group>"; };
		B84D81452A5564A20073063F /* WatchConnectivityManager.swift */ = {isa = PBXFileReference; lastKnownFileType = sourcecode.swift; path = WatchConnectivityManager.swift; sourceTree = "<group>"; };
		B84D814B2A55671D0073063F /* ConnectedWatch Watch App.app */ = {isa = PBXFileReference; explicitFileType = wrapper.application; includeInIndex = 0; path = "ConnectedWatch Watch App.app"; sourceTree = BUILT_PRODUCTS_DIR; };
		B84D814D2A55671D0073063F /* ConnectedWatchApp.swift */ = {isa = PBXFileReference; lastKnownFileType = sourcecode.swift; path = ConnectedWatchApp.swift; sourceTree = "<group>"; };
		B84D814F2A55671D0073063F /* ContentView.swift */ = {isa = PBXFileReference; lastKnownFileType = sourcecode.swift; path = ContentView.swift; sourceTree = "<group>"; };
		B84D81512A55671E0073063F /* Assets.xcassets */ = {isa = PBXFileReference; lastKnownFileType = folder.assetcatalog; path = Assets.xcassets; sourceTree = "<group>"; };
		B84D81542A55671E0073063F /* Preview Assets.xcassets */ = {isa = PBXFileReference; lastKnownFileType = folder.assetcatalog; path = "Preview Assets.xcassets"; sourceTree = "<group>"; };
/* End PBXFileReference section */

/* Begin PBXFrameworksBuildPhase section */
		B84D81312A5564350073063F /* Frameworks */ = {
			isa = PBXFrameworksBuildPhase;
			buildActionMask = 2147483647;
			files = (
			);
			runOnlyForDeploymentPostprocessing = 0;
		};
		B84D81482A55671D0073063F /* Frameworks */ = {
			isa = PBXFrameworksBuildPhase;
			buildActionMask = 2147483647;
			files = (
			);
			runOnlyForDeploymentPostprocessing = 0;
		};
/* End PBXFrameworksBuildPhase section */

/* Begin PBXGroup section */
		B84D812B2A5564350073063F = {
			isa = PBXGroup;
			children = (
				B84D81362A5564350073063F /* WatchConnectivityStudy */,
				B84D814C2A55671D0073063F /* ConnectedWatch Watch App */,
				B84D81352A5564350073063F /* Products */,
			);
			sourceTree = "<group>";
		};
		B84D81352A5564350073063F /* Products */ = {
			isa = PBXGroup;
			children = (
				B84D81342A5564350073063F /* WatchConnectivityStudy.app */,
				B84D814B2A55671D0073063F /* ConnectedWatch Watch App.app */,
			);
			name = Products;
			sourceTree = "<group>";
		};
		B84D81362A5564350073063F /* WatchConnectivityStudy */ = {
			isa = PBXGroup;
			children = (
				B84D81372A5564350073063F /* WatchConnectivityStudyApp.swift */,
				B84D81392A5564350073063F /* ContentView.swift */,
				B84D81452A5564A20073063F /* WatchConnectivityManager.swift */,
				B84D813B2A5564360073063F /* Assets.xcassets */,
				B84D813D2A5564360073063F /* Preview Content */,
			);
			path = WatchConnectivityStudy;
			sourceTree = "<group>";
		};
		B84D813D2A5564360073063F /* Preview Content */ = {
			isa = PBXGroup;
			children = (
				B84D813E2A5564360073063F /* Preview Assets.xcassets */,
			);
			path = "Preview Content";
			sourceTree = "<group>";
		};
		B84D814C2A55671D0073063F /* ConnectedWatch Watch App */ = {
			isa = PBXGroup;
			children = (
				B84D814D2A55671D0073063F /* ConnectedWatchApp.swift */,
				B84D814F2A55671D0073063F /* ContentView.swift */,
				B84D81512A55671E0073063F /* Assets.xcassets */,
				B84D81532A55671E0073063F /* Preview Content */,
			);
			path = "ConnectedWatch Watch App";
			sourceTree = "<group>";
		};
		B84D81532A55671E0073063F /* Preview Content */ = {
			isa = PBXGroup;
			children = (
				B84D81542A55671E0073063F /* Preview Assets.xcassets */,
			);
			path = "Preview Content";
			sourceTree = "<group>";
		};
/* End PBXGroup section */

/* Begin PBXNativeTarget section */
		B84D81332A5564350073063F /* WatchConnectivityStudy */ = {
			isa = PBXNativeTarget;
			buildConfigurationList = B84D81422A5564360073063F /* Build configuration list for PBXNativeTarget "WatchConnectivityStudy" */;
			buildPhases = (
				B84D81302A5564350073063F /* Sources */,
				B84D81312A5564350073063F /* Frameworks */,
				B84D81322A5564350073063F /* Resources */,
				B84D815C2A55671E0073063F /* Embed Watch Content */,
			);
			buildRules = (
			);
			dependencies = (
				B84D81572A55671E0073063F /* PBXTargetDependency */,
			);
			name = WatchConnectivityStudy;
			productName = WatchConnectivityStudy;
			productReference = B84D81342A5564350073063F /* WatchConnectivityStudy.app */;
			productType = "com.apple.product-type.application";
		};
		B84D814A2A55671D0073063F /* ConnectedWatch Watch App */ = {
			isa = PBXNativeTarget;
			buildConfigurationList = B84D81592A55671E0073063F /* Build configuration list for PBXNativeTarget "ConnectedWatch Watch App" */;
			buildPhases = (
				B84D81472A55671D0073063F /* Sources */,
				B84D81482A55671D0073063F /* Frameworks */,
				B84D81492A55671D0073063F /* Resources */,
			);
			buildRules = (
			);
			dependencies = (
			);
			name = "ConnectedWatch Watch App";
			productName = "ConnectedWatch Watch App";
			productReference = B84D814B2A55671D0073063F /* ConnectedWatch Watch App.app */;
			productType = "com.apple.product-type.application";
		};
/* End PBXNativeTarget section */

/* Begin PBXProject section */
		B84D812C2A5564350073063F /* Project object */ = {
			isa = PBXProject;
			attributes = {
				BuildIndependentTargetsInParallel = 1;
				LastSwiftUpdateCheck = 1430;
				LastUpgradeCheck = 1430;
				TargetAttributes = {
					B84D81332A5564350073063F = {
						CreatedOnToolsVersion = 14.3.1;
					};
					B84D814A2A55671D0073063F = {
						CreatedOnToolsVersion = 14.3.1;
					};
				};
			};
			buildConfigurationList = B84D812F2A5564350073063F /* Build configuration list for PBXProject "WatchConnectivityStudy" */;
			compatibilityVersion = "Xcode 14.0";
			developmentRegion = en;
			hasScannedForEncodings = 0;
			knownRegions = (
				en,
				Base,
			);
			mainGroup = B84D812B2A5564350073063F;
			productRefGroup = B84D81352A5564350073063F /* Products */;
			projectDirPath = "";
			projectRoot = "";
			targets = (
				B84D81332A5564350073063F /* WatchConnectivityStudy */,
				B84D814A2A55671D0073063F /* ConnectedWatch Watch App */,
			);
		};
/* End PBXProject section */

/* Begin PBXResourcesBuildPhase section */
		B84D81322A5564350073063F /* Resources */ = {
			isa = PBXResourcesBuildPhase;
			buildActionMask = 2147483647;
			files = (
				B84D813F2A5564360073063F /* Preview Assets.xcassets in Resources */,
				B84D813C2A5564360073063F /* Assets.xcassets in Resources */,
			);
			runOnlyForDeploymentPostprocessing = 0;
		};
		B84D81492A55671D0073063F /* Resources */ = {
			isa = PBXResourcesBuildPhase;
			buildActionMask = 2147483647;
			files = (
				B84D81552A55671E0073063F /* Preview Assets.xcassets in Resources */,
				B84D81522A55671E0073063F /* Assets.xcassets in Resources */,
			);
			runOnlyForDeploymentPostprocessing = 0;
		};
/* End PBXResourcesBuildPhase section */

/* Begin PBXSourcesBuildPhase section */
		B84D81302A5564350073063F /* Sources */ = {
			isa = PBXSourcesBuildPhase;
			buildActionMask = 2147483647;
			files = (
				B84D813A2A5564350073063F /* ContentView.swift in Sources */,
				B84D81462A5564A20073063F /* WatchConnectivityManager.swift in Sources */,
				B84D81382A5564350073063F /* WatchConnectivityStudyApp.swift in Sources */,
			);
			runOnlyForDeploymentPostprocessing = 0;
		};
		B84D81472A55671D0073063F /* Sources */ = {
			isa = PBXSourcesBuildPhase;
			buildActionMask = 2147483647;
			files = (
				B84D81502A55671D0073063F /* ContentView.swift in Sources */,
				B84D815D2A5567250073063F /* WatchConnectivityManager.swift in Sources */,
				B84D814E2A55671D0073063F /* ConnectedWatchApp.swift in Sources */,
			);
			runOnlyForDeploymentPostprocessing = 0;
		};
/* End PBXSourcesBuildPhase section */

/* Begin PBXTargetDependency section */
		B84D81572A55671E0073063F /* PBXTargetDependency */ = {
			isa = PBXTargetDependency;
			target = B84D814A2A55671D0073063F /* ConnectedWatch Watch App */;
			targetProxy = B84D81562A55671E0073063F /* PBXContainerItemProxy */;
		};
/* End PBXTargetDependency section */

/* Begin XCBuildConfiguration section */
		B84D81402A5564360073063F /* Debug */ = {
			isa = XCBuildConfiguration;
			buildSettings = {
				ALWAYS_SEARCH_USER_PATHS = NO;
				CLANG_ANALYZER_NONNULL = YES;
				CLANG_ANALYZER_NUMBER_OBJECT_CONVERSION = YES_AGGRESSIVE;
				CLANG_CXX_LANGUAGE_STANDARD = "gnu++20";
				CLANG_ENABLE_MODULES = YES;
				CLANG_ENABLE_OBJC_ARC = YES;
				CLANG_ENABLE_OBJC_WEAK = YES;
				CLANG_WARN_BLOCK_CAPTURE_AUTORELEASING = YES;
				CLANG_WARN_BOOL_CONVERSION = YES;
				CLANG_WARN_COMMA = YES;
				CLANG_WARN_CONSTANT_CONVERSION = YES;
				CLANG_WARN_DEPRECATED_OBJC_IMPLEMENTATIONS = YES;
				CLANG_WARN_DIRECT_OBJC_ISA_USAGE = YES_ERROR;
				CLANG_WARN_DOCUMENTATION_COMMENTS = YES;
				CLANG_WARN_EMPTY_BODY = YES;
				CLANG_WARN_ENUM_CONVERSION = YES;
				CLANG_WARN_INFINITE_RECURSION = YES;
				CLANG_WARN_INT_CONVERSION = YES;
				CLANG_WARN_NON_LITERAL_NULL_CONVERSION = YES;
				CLANG_WARN_OBJC_IMPLICIT_RETAIN_SELF = YES;
				CLANG_WARN_OBJC_LITERAL_CONVERSION = YES;
				CLANG_WARN_OBJC_ROOT_CLASS = YES_ERROR;
				CLANG_WARN_QUOTED_INCLUDE_IN_FRAMEWORK_HEADER = YES;
				CLANG_WARN_RANGE_LOOP_ANALYSIS = YES;
				CLANG_WARN_STRICT_PROTOTYPES = YES;
				CLANG_WARN_SUSPICIOUS_MOVE = YES;
				CLANG_WARN_UNGUARDED_AVAILABILITY = YES_AGGRESSIVE;
				CLANG_WARN_UNREACHABLE_CODE = YES;
				CLANG_WARN__DUPLICATE_METHOD_MATCH = YES;
				COPY_PHASE_STRIP = NO;
				DEBUG_INFORMATION_FORMAT = dwarf;
				ENABLE_STRICT_OBJC_MSGSEND = YES;
				ENABLE_TESTABILITY = YES;
				GCC_C_LANGUAGE_STANDARD = gnu11;
				GCC_DYNAMIC_NO_PIC = NO;
				GCC_NO_COMMON_BLOCKS = YES;
				GCC_OPTIMIZATION_LEVEL = 0;
				GCC_PREPROCESSOR_DEFINITIONS = (
					"DEBUG=1",
					"$(inherited)",
				);
				GCC_WARN_64_TO_32_BIT_CONVERSION = YES;
				GCC_WARN_ABOUT_RETURN_TYPE = YES_ERROR;
				GCC_WARN_UNDECLARED_SELECTOR = YES;
				GCC_WARN_UNINITIALIZED_AUTOS = YES_AGGRESSIVE;
				GCC_WARN_UNUSED_FUNCTION = YES;
				GCC_WARN_UNUSED_VARIABLE = YES;
				IPHONEOS_DEPLOYMENT_TARGET = 16.4;
				MTL_ENABLE_DEBUG_INFO = INCLUDE_SOURCE;
				MTL_FAST_MATH = YES;
				ONLY_ACTIVE_ARCH = YES;
				SDKROOT = iphoneos;
				SWIFT_ACTIVE_COMPILATION_CONDITIONS = DEBUG;
				SWIFT_OPTIMIZATION_LEVEL = "-Onone";
			};
			name = Debug;
		};
		B84D81412A5564360073063F /* Release */ = {
			isa = XCBuildConfiguration;
			buildSettings = {
				ALWAYS_SEARCH_USER_PATHS = NO;
				CLANG_ANALYZER_NONNULL = YES;
				CLANG_ANALYZER_NUMBER_OBJECT_CONVERSION = YES_AGGRESSIVE;
				CLANG_CXX_LANGUAGE_STANDARD = "gnu++20";
				CLANG_ENABLE_MODULES = YES;
				CLANG_ENABLE_OBJC_ARC = YES;
				CLANG_ENABLE_OBJC_WEAK = YES;
				CLANG_WARN_BLOCK_CAPTURE_AUTORELEASING = YES;
				CLANG_WARN_BOOL_CONVERSION = YES;
				CLANG_WARN_COMMA = YES;
				CLANG_WARN_CONSTANT_CONVERSION = YES;
				CLANG_WARN_DEPRECATED_OBJC_IMPLEMENTATIONS = YES;
				CLANG_WARN_DIRECT_OBJC_ISA_USAGE = YES_ERROR;
				CLANG_WARN_DOCUMENTATION_COMMENTS = YES;
				CLANG_WARN_EMPTY_BODY = YES;
				CLANG_WARN_ENUM_CONVERSION = YES;
				CLANG_WARN_INFINITE_RECURSION = YES;
				CLANG_WARN_INT_CONVERSION = YES;
				CLANG_WARN_NON_LITERAL_NULL_CONVERSION = YES;
				CLANG_WARN_OBJC_IMPLICIT_RETAIN_SELF = YES;
				CLANG_WARN_OBJC_LITERAL_CONVERSION = YES;
				CLANG_WARN_OBJC_ROOT_CLASS = YES_ERROR;
				CLANG_WARN_QUOTED_INCLUDE_IN_FRAMEWORK_HEADER = YES;
				CLANG_WARN_RANGE_LOOP_ANALYSIS = YES;
				CLANG_WARN_STRICT_PROTOTYPES = YES;
				CLANG_WARN_SUSPICIOUS_MOVE = YES;
				CLANG_WARN_UNGUARDED_AVAILABILITY = YES_AGGRESSIVE;
				CLANG_WARN_UNREACHABLE_CODE = YES;
				CLANG_WARN__DUPLICATE_METHOD_MATCH = YES;
				COPY_PHASE_STRIP = NO;
				DEBUG_INFORMATION_FORMAT = "dwarf-with-dsym";
				ENABLE_NS_ASSERTIONS = NO;
				ENABLE_STRICT_OBJC_MSGSEND = YES;
				GCC_C_LANGUAGE_STANDARD = gnu11;
				GCC_NO_COMMON_BLOCKS = YES;
				GCC_WARN_64_TO_32_BIT_CONVERSION = YES;
				GCC_WARN_ABOUT_RETURN_TYPE = YES_ERROR;
				GCC_WARN_UNDECLARED_SELECTOR = YES;
				GCC_WARN_UNINITIALIZED_AUTOS = YES_AGGRESSIVE;
				GCC_WARN_UNUSED_FUNCTION = YES;
				GCC_WARN_UNUSED_VARIABLE = YES;
				IPHONEOS_DEPLOYMENT_TARGET = 16.4;
				MTL_ENABLE_DEBUG_INFO = NO;
				MTL_FAST_MATH = YES;
				SDKROOT = iphoneos;
				SWIFT_COMPILATION_MODE = wholemodule;
				SWIFT_OPTIMIZATION_LEVEL = "-O";
				VALIDATE_PRODUCT = YES;
			};
			name = Release;
		};
		B84D81432A5564360073063F /* Debug */ = {
			isa = XCBuildConfiguration;
			buildSettings = {
				ALWAYS_EMBED_SWIFT_STANDARD_LIBRARIES = YES;
				ASSETCATALOG_COMPILER_APPICON_NAME = AppIcon;
				ASSETCATALOG_COMPILER_GLOBAL_ACCENT_COLOR_NAME = AccentColor;
				CODE_SIGN_STYLE = Automatic;
				CURRENT_PROJECT_VERSION = 1;
				DEVELOPMENT_ASSET_PATHS = "\"WatchConnectivityStudy/Preview Content\"";
				DEVELOPMENT_TEAM = RCM87YWJ79;
				ENABLE_PREVIEWS = YES;
				GENERATE_INFOPLIST_FILE = YES;
				INFOPLIST_KEY_UIApplicationSceneManifest_Generation = YES;
				INFOPLIST_KEY_UIApplicationSupportsIndirectInputEvents = YES;
				INFOPLIST_KEY_UILaunchScreen_Generation = YES;
				INFOPLIST_KEY_UISupportedInterfaceOrientations_iPad = "UIInterfaceOrientationPortrait UIInterfaceOrientationPortraitUpsideDown UIInterfaceOrientationLandscapeLeft UIInterfaceOrientationLandscapeRight";
				INFOPLIST_KEY_UISupportedInterfaceOrientations_iPhone = "UIInterfaceOrientationPortrait UIInterfaceOrientationLandscapeLeft UIInterfaceOrientationLandscapeRight";
				LD_RUNPATH_SEARCH_PATHS = (
					"$(inherited)",
					"@executable_path/Frameworks",
				);
				MARKETING_VERSION = 1.0;
				PRODUCT_BUNDLE_IDENTIFIER = kybeen.WatchConnectivityStudy;
				PRODUCT_NAME = "$(TARGET_NAME)";
				SWIFT_EMIT_LOC_STRINGS = YES;
				SWIFT_VERSION = 5.0;
				TARGETED_DEVICE_FAMILY = "1,2";
			};
			name = Debug;
		};
		B84D81442A5564360073063F /* Release */ = {
			isa = XCBuildConfiguration;
			buildSettings = {
				ALWAYS_EMBED_SWIFT_STANDARD_LIBRARIES = YES;
				ASSETCATALOG_COMPILER_APPICON_NAME = AppIcon;
				ASSETCATALOG_COMPILER_GLOBAL_ACCENT_COLOR_NAME = AccentColor;
				CODE_SIGN_STYLE = Automatic;
				CURRENT_PROJECT_VERSION = 1;
				DEVELOPMENT_ASSET_PATHS = "\"WatchConnectivityStudy/Preview Content\"";
				DEVELOPMENT_TEAM = RCM87YWJ79;
				ENABLE_PREVIEWS = YES;
				GENERATE_INFOPLIST_FILE = YES;
				INFOPLIST_KEY_UIApplicationSceneManifest_Generation = YES;
				INFOPLIST_KEY_UIApplicationSupportsIndirectInputEvents = YES;
				INFOPLIST_KEY_UILaunchScreen_Generation = YES;
				INFOPLIST_KEY_UISupportedInterfaceOrientations_iPad = "UIInterfaceOrientationPortrait UIInterfaceOrientationPortraitUpsideDown UIInterfaceOrientationLandscapeLeft UIInterfaceOrientationLandscapeRight";
				INFOPLIST_KEY_UISupportedInterfaceOrientations_iPhone = "UIInterfaceOrientationPortrait UIInterfaceOrientationLandscapeLeft UIInterfaceOrientationLandscapeRight";
				LD_RUNPATH_SEARCH_PATHS = (
					"$(inherited)",
					"@executable_path/Frameworks",
				);
				MARKETING_VERSION = 1.0;
				PRODUCT_BUNDLE_IDENTIFIER = kybeen.WatchConnectivityStudy;
				PRODUCT_NAME = "$(TARGET_NAME)";
				SWIFT_EMIT_LOC_STRINGS = YES;
				SWIFT_VERSION = 5.0;
				TARGETED_DEVICE_FAMILY = "1,2";
			};
			name = Release;
		};
		B84D815A2A55671E0073063F /* Debug */ = {
			isa = XCBuildConfiguration;
			buildSettings = {
				ASSETCATALOG_COMPILER_APPICON_NAME = AppIcon;
				ASSETCATALOG_COMPILER_GLOBAL_ACCENT_COLOR_NAME = AccentColor;
				CODE_SIGN_STYLE = Automatic;
				CURRENT_PROJECT_VERSION = 1;
				DEVELOPMENT_ASSET_PATHS = "\"ConnectedWatch Watch App/Preview Content\"";
				DEVELOPMENT_TEAM = RCM87YWJ79;
				ENABLE_PREVIEWS = YES;
				GENERATE_INFOPLIST_FILE = YES;
				INFOPLIST_KEY_CFBundleDisplayName = ConnectedWatch;
				INFOPLIST_KEY_UISupportedInterfaceOrientations = "UIInterfaceOrientationPortrait UIInterfaceOrientationPortraitUpsideDown";
				INFOPLIST_KEY_WKCompanionAppBundleIdentifier = kybeen.WatchConnectivityStudy;
				LD_RUNPATH_SEARCH_PATHS = (
					"$(inherited)",
					"@executable_path/Frameworks",
				);
				MARKETING_VERSION = 1.0;
				PRODUCT_BUNDLE_IDENTIFIER = kybeen.WatchConnectivityStudy.watchkitapp;
				PRODUCT_NAME = "$(TARGET_NAME)";
				SDKROOT = watchos;
				SKIP_INSTALL = YES;
				SWIFT_EMIT_LOC_STRINGS = YES;
				SWIFT_VERSION = 5.0;
				TARGETED_DEVICE_FAMILY = 4;
				WATCHOS_DEPLOYMENT_TARGET = 9.4;
			};
			name = Debug;
		};
		B84D815B2A55671E0073063F /* Release */ = {
			isa = XCBuildConfiguration;
			buildSettings = {
				ASSETCATALOG_COMPILER_APPICON_NAME = AppIcon;
				ASSETCATALOG_COMPILER_GLOBAL_ACCENT_COLOR_NAME = AccentColor;
				CODE_SIGN_STYLE = Automatic;
				CURRENT_PROJECT_VERSION = 1;
				DEVELOPMENT_ASSET_PATHS = "\"ConnectedWatch Watch App/Preview Content\"";
				DEVELOPMENT_TEAM = RCM87YWJ79;
				ENABLE_PREVIEWS = YES;
				GENERATE_INFOPLIST_FILE = YES;
				INFOPLIST_KEY_CFBundleDisplayName = ConnectedWatch;
				INFOPLIST_KEY_UISupportedInterfaceOrientations = "UIInterfaceOrientationPortrait UIInterfaceOrientationPortraitUpsideDown";
				INFOPLIST_KEY_WKCompanionAppBundleIdentifier = kybeen.WatchConnectivityStudy;
				LD_RUNPATH_SEARCH_PATHS = (
					"$(inherited)",
					"@executable_path/Frameworks",
				);
				MARKETING_VERSION = 1.0;
				PRODUCT_BUNDLE_IDENTIFIER = kybeen.WatchConnectivityStudy.watchkitapp;
				PRODUCT_NAME = "$(TARGET_NAME)";
				SDKROOT = watchos;
				SKIP_INSTALL = YES;
				SWIFT_EMIT_LOC_STRINGS = YES;
				SWIFT_VERSION = 5.0;
				TARGETED_DEVICE_FAMILY = 4;
				WATCHOS_DEPLOYMENT_TARGET = 9.4;
			};
			name = Release;
		};
/* End XCBuildConfiguration section */

/* Begin XCConfigurationList section */
		B84D812F2A5564350073063F /* Build configuration list for PBXProject "WatchConnectivityStudy" */ = {
			isa = XCConfigurationList;
			buildConfigurations = (
				B84D81402A5564360073063F /* Debug */,
				B84D81412A5564360073063F /* Release */,
			);
			defaultConfigurationIsVisible = 0;
			defaultConfigurationName = Release;
		};
		B84D81422A5564360073063F /* Build configuration list for PBXNativeTarget "WatchConnectivityStudy" */ = {
			isa = XCConfigurationList;
			buildConfigurations = (
				B84D81432A5564360073063F /* Debug */,
				B84D81442A5564360073063F /* Release */,
			);
			defaultConfigurationIsVisible = 0;
			defaultConfigurationName = Release;
		};
		B84D81592A55671E0073063F /* Build configuration list for PBXNativeTarget "ConnectedWatch Watch App" */ = {
			isa = XCConfigurationList;
			buildConfigurations = (
				B84D815A2A55671E0073063F /* Debug */,
				B84D815B2A55671E0073063F /* Release */,
			);
			defaultConfigurationIsVisible = 0;
			defaultConfigurationName = Release;
		};
/* End XCConfigurationList section */
	};
	rootObject = B84D812C2A5564350073063F /* Project object */;
}
