// !$*UTF8*$!
{
	archiveVersion = 1;
	classes = {
	};
	objectVersion = 56;
	objects = {

/* Begin PBXBuildFile section */
		B80AB1A52A49BAF300CB4B05 /* Landmarks2App.swift in Sources */ = {isa = PBXBuildFile; fileRef = B80AB1A42A49BAF300CB4B05 /* Landmarks2App.swift */; };
		B80AB1A72A49BAF300CB4B05 /* ContentView.swift in Sources */ = {isa = PBXBuildFile; fileRef = B80AB1A62A49BAF300CB4B05 /* ContentView.swift */; };
		B80AB1A92A49BAF500CB4B05 /* Assets.xcassets in Resources */ = {isa = PBXBuildFile; fileRef = B80AB1A82A49BAF500CB4B05 /* Assets.xcassets */; };
		B80AB1AC2A49BAF500CB4B05 /* Preview Assets.xcassets in Resources */ = {isa = PBXBuildFile; fileRef = B80AB1AB2A49BAF500CB4B05 /* Preview Assets.xcassets */; };
		B80AB1B32A49BBD100CB4B05 /* CircleImage.swift in Sources */ = {isa = PBXBuildFile; fileRef = B80AB1B22A49BBD100CB4B05 /* CircleImage.swift */; };
		B80AB1B52A49BC2F00CB4B05 /* MapView.swift in Sources */ = {isa = PBXBuildFile; fileRef = B80AB1B42A49BC2F00CB4B05 /* MapView.swift */; };
		B80AB1B72A49BDFD00CB4B05 /* landmarkData.json in Resources */ = {isa = PBXBuildFile; fileRef = B80AB1B62A49BDFD00CB4B05 /* landmarkData.json */; };
		B80AB1B92A49BE1E00CB4B05 /* Landmark.swift in Sources */ = {isa = PBXBuildFile; fileRef = B80AB1B82A49BE1E00CB4B05 /* Landmark.swift */; };
		B80AB1BB2A49BF5300CB4B05 /* ModelData.swift in Sources */ = {isa = PBXBuildFile; fileRef = B80AB1BA2A49BF5300CB4B05 /* ModelData.swift */; };
		B80AB1C22A49F16400CB4B05 /* LandmarkRow.swift in Sources */ = {isa = PBXBuildFile; fileRef = B80AB1C12A49F16400CB4B05 /* LandmarkRow.swift */; };
		B80AB1C42A49F2AB00CB4B05 /* LandmarkList.swift in Sources */ = {isa = PBXBuildFile; fileRef = B80AB1C32A49F2AB00CB4B05 /* LandmarkList.swift */; };
		B80AB1C62A49F3BF00CB4B05 /* LandmarkDetail.swift in Sources */ = {isa = PBXBuildFile; fileRef = B80AB1C52A49F3BF00CB4B05 /* LandmarkDetail.swift */; };
		B82AABC22A4C589400F2D51C /* FavoriteButton.swift in Sources */ = {isa = PBXBuildFile; fileRef = B82AABC12A4C589400F2D51C /* FavoriteButton.swift */; };
		B82AABC62A4C5C3300F2D51C /* HexagonParameters.swift in Sources */ = {isa = PBXBuildFile; fileRef = B82AABC52A4C5C3200F2D51C /* HexagonParameters.swift */; };
		B82AABC82A4C5EC500F2D51C /* BadgeBackground.swift in Sources */ = {isa = PBXBuildFile; fileRef = B82AABC72A4C5EC500F2D51C /* BadgeBackground.swift */; };
		B82AABCA2A4C5F8F00F2D51C /* BadgeSymbol.swift in Sources */ = {isa = PBXBuildFile; fileRef = B82AABC92A4C5F8F00F2D51C /* BadgeSymbol.swift */; };
		B82AABCC2A4C5FCF00F2D51C /* RotatedBadgeSymbol.swift in Sources */ = {isa = PBXBuildFile; fileRef = B82AABCB2A4C5FCF00F2D51C /* RotatedBadgeSymbol.swift */; };
		B82AABCE2A4C5FEA00F2D51C /* Badge.swift in Sources */ = {isa = PBXBuildFile; fileRef = B82AABCD2A4C5FEA00F2D51C /* Badge.swift */; };
		B82AABD72A4C61E700F2D51C /* hikeData.json in Resources */ = {isa = PBXBuildFile; fileRef = B82AABD62A4C61E700F2D51C /* hikeData.json */; };
		B82AABD92A4C623D00F2D51C /* Hike.swift in Sources */ = {isa = PBXBuildFile; fileRef = B82AABD82A4C623D00F2D51C /* Hike.swift */; };
		B82AABDF2A4C636A00F2D51C /* GraphCapsule.swift in Sources */ = {isa = PBXBuildFile; fileRef = B82AABDB2A4C636A00F2D51C /* GraphCapsule.swift */; };
		B82AABE02A4C636A00F2D51C /* HikeGraph.swift in Sources */ = {isa = PBXBuildFile; fileRef = B82AABDC2A4C636A00F2D51C /* HikeGraph.swift */; };
		B82AABE12A4C636A00F2D51C /* HikeDetail.swift in Sources */ = {isa = PBXBuildFile; fileRef = B82AABDD2A4C636A00F2D51C /* HikeDetail.swift */; };
		B82AABE22A4C636A00F2D51C /* HikeView.swift in Sources */ = {isa = PBXBuildFile; fileRef = B82AABDE2A4C636A00F2D51C /* HikeView.swift */; };
		B82AABE52A4C99A900F2D51C /* CategoryHome.swift in Sources */ = {isa = PBXBuildFile; fileRef = B82AABE42A4C99A900F2D51C /* CategoryHome.swift */; };
		B82AABE72A4C9C0C00F2D51C /* CategoryRow.swift in Sources */ = {isa = PBXBuildFile; fileRef = B82AABE62A4C9C0C00F2D51C /* CategoryRow.swift */; };
		B82AABE92A4C9D7800F2D51C /* CategoryItem.swift in Sources */ = {isa = PBXBuildFile; fileRef = B82AABE82A4C9D7800F2D51C /* CategoryItem.swift */; };
/* End PBXBuildFile section */

/* Begin PBXFileReference section */
		B80AB1A12A49BAF300CB4B05 /* Landmarks2.app */ = {isa = PBXFileReference; explicitFileType = wrapper.application; includeInIndex = 0; path = Landmarks2.app; sourceTree = BUILT_PRODUCTS_DIR; };
		B80AB1A42A49BAF300CB4B05 /* Landmarks2App.swift */ = {isa = PBXFileReference; lastKnownFileType = sourcecode.swift; path = Landmarks2App.swift; sourceTree = "<group>"; };
		B80AB1A62A49BAF300CB4B05 /* ContentView.swift */ = {isa = PBXFileReference; lastKnownFileType = sourcecode.swift; path = ContentView.swift; sourceTree = "<group>"; };
		B80AB1A82A49BAF500CB4B05 /* Assets.xcassets */ = {isa = PBXFileReference; lastKnownFileType = folder.assetcatalog; path = Assets.xcassets; sourceTree = "<group>"; };
		B80AB1AB2A49BAF500CB4B05 /* Preview Assets.xcassets */ = {isa = PBXFileReference; lastKnownFileType = folder.assetcatalog; path = "Preview Assets.xcassets"; sourceTree = "<group>"; };
		B80AB1B22A49BBD100CB4B05 /* CircleImage.swift */ = {isa = PBXFileReference; lastKnownFileType = sourcecode.swift; path = CircleImage.swift; sourceTree = "<group>"; };
		B80AB1B42A49BC2F00CB4B05 /* MapView.swift */ = {isa = PBXFileReference; lastKnownFileType = sourcecode.swift; path = MapView.swift; sourceTree = "<group>"; };
		B80AB1B62A49BDFD00CB4B05 /* landmarkData.json */ = {isa = PBXFileReference; fileEncoding = 4; lastKnownFileType = text.json; path = landmarkData.json; sourceTree = "<group>"; };
		B80AB1B82A49BE1E00CB4B05 /* Landmark.swift */ = {isa = PBXFileReference; lastKnownFileType = sourcecode.swift; path = Landmark.swift; sourceTree = "<group>"; };
		B80AB1BA2A49BF5300CB4B05 /* ModelData.swift */ = {isa = PBXFileReference; lastKnownFileType = sourcecode.swift; path = ModelData.swift; sourceTree = "<group>"; };
		B80AB1C12A49F16400CB4B05 /* LandmarkRow.swift */ = {isa = PBXFileReference; lastKnownFileType = sourcecode.swift; path = LandmarkRow.swift; sourceTree = "<group>"; };
		B80AB1C32A49F2AB00CB4B05 /* LandmarkList.swift */ = {isa = PBXFileReference; lastKnownFileType = sourcecode.swift; path = LandmarkList.swift; sourceTree = "<group>"; };
		B80AB1C52A49F3BF00CB4B05 /* LandmarkDetail.swift */ = {isa = PBXFileReference; lastKnownFileType = sourcecode.swift; path = LandmarkDetail.swift; sourceTree = "<group>"; };
		B82AABC12A4C589400F2D51C /* FavoriteButton.swift */ = {isa = PBXFileReference; lastKnownFileType = sourcecode.swift; path = FavoriteButton.swift; sourceTree = "<group>"; };
		B82AABC52A4C5C3200F2D51C /* HexagonParameters.swift */ = {isa = PBXFileReference; lastKnownFileType = sourcecode.swift; path = HexagonParameters.swift; sourceTree = "<group>"; };
		B82AABC72A4C5EC500F2D51C /* BadgeBackground.swift */ = {isa = PBXFileReference; lastKnownFileType = sourcecode.swift; path = BadgeBackground.swift; sourceTree = "<group>"; };
		B82AABC92A4C5F8F00F2D51C /* BadgeSymbol.swift */ = {isa = PBXFileReference; lastKnownFileType = sourcecode.swift; path = BadgeSymbol.swift; sourceTree = "<group>"; };
		B82AABCB2A4C5FCF00F2D51C /* RotatedBadgeSymbol.swift */ = {isa = PBXFileReference; lastKnownFileType = sourcecode.swift; path = RotatedBadgeSymbol.swift; sourceTree = "<group>"; };
		B82AABCD2A4C5FEA00F2D51C /* Badge.swift */ = {isa = PBXFileReference; lastKnownFileType = sourcecode.swift; path = Badge.swift; sourceTree = "<group>"; };
		B82AABD62A4C61E700F2D51C /* hikeData.json */ = {isa = PBXFileReference; fileEncoding = 4; lastKnownFileType = text.json; path = hikeData.json; sourceTree = "<group>"; };
		B82AABD82A4C623D00F2D51C /* Hike.swift */ = {isa = PBXFileReference; lastKnownFileType = sourcecode.swift; path = Hike.swift; sourceTree = "<group>"; };
		B82AABDB2A4C636A00F2D51C /* GraphCapsule.swift */ = {isa = PBXFileReference; fileEncoding = 4; lastKnownFileType = sourcecode.swift; path = GraphCapsule.swift; sourceTree = "<group>"; };
		B82AABDC2A4C636A00F2D51C /* HikeGraph.swift */ = {isa = PBXFileReference; fileEncoding = 4; lastKnownFileType = sourcecode.swift; path = HikeGraph.swift; sourceTree = "<group>"; };
		B82AABDD2A4C636A00F2D51C /* HikeDetail.swift */ = {isa = PBXFileReference; fileEncoding = 4; lastKnownFileType = sourcecode.swift; path = HikeDetail.swift; sourceTree = "<group>"; };
		B82AABDE2A4C636A00F2D51C /* HikeView.swift */ = {isa = PBXFileReference; fileEncoding = 4; lastKnownFileType = sourcecode.swift; path = HikeView.swift; sourceTree = "<group>"; };
		B82AABE42A4C99A900F2D51C /* CategoryHome.swift */ = {isa = PBXFileReference; lastKnownFileType = sourcecode.swift; path = CategoryHome.swift; sourceTree = "<group>"; };
		B82AABE62A4C9C0C00F2D51C /* CategoryRow.swift */ = {isa = PBXFileReference; lastKnownFileType = sourcecode.swift; path = CategoryRow.swift; sourceTree = "<group>"; };
		B82AABE82A4C9D7800F2D51C /* CategoryItem.swift */ = {isa = PBXFileReference; lastKnownFileType = sourcecode.swift; path = CategoryItem.swift; sourceTree = "<group>"; };
/* End PBXFileReference section */

/* Begin PBXFrameworksBuildPhase section */
		B80AB19E2A49BAF300CB4B05 /* Frameworks */ = {
			isa = PBXFrameworksBuildPhase;
			buildActionMask = 2147483647;
			files = (
			);
			runOnlyForDeploymentPostprocessing = 0;
		};
/* End PBXFrameworksBuildPhase section */

/* Begin PBXGroup section */
		B80AB1982A49BAF300CB4B05 = {
			isa = PBXGroup;
			children = (
				B80AB1A32A49BAF300CB4B05 /* Landmarks2 */,
				B80AB1A22A49BAF300CB4B05 /* Products */,
			);
			sourceTree = "<group>";
		};
		B80AB1A22A49BAF300CB4B05 /* Products */ = {
			isa = PBXGroup;
			children = (
				B80AB1A12A49BAF300CB4B05 /* Landmarks2.app */,
			);
			name = Products;
			sourceTree = "<group>";
		};
		B80AB1A32A49BAF300CB4B05 /* Landmarks2 */ = {
			isa = PBXGroup;
			children = (
				B80AB1A42A49BAF300CB4B05 /* Landmarks2App.swift */,
				B80AB1BC2A49C0A400CB4B05 /* Views */,
				B80AB1BD2A49C0AB00CB4B05 /* Model */,
				B80AB1BE2A49C0B000CB4B05 /* Resources */,
				B80AB1A82A49BAF500CB4B05 /* Assets.xcassets */,
				B80AB1AA2A49BAF500CB4B05 /* Preview Content */,
			);
			path = Landmarks2;
			sourceTree = "<group>";
		};
		B80AB1AA2A49BAF500CB4B05 /* Preview Content */ = {
			isa = PBXGroup;
			children = (
				B80AB1AB2A49BAF500CB4B05 /* Preview Assets.xcassets */,
			);
			path = "Preview Content";
			sourceTree = "<group>";
		};
		B80AB1BC2A49C0A400CB4B05 /* Views */ = {
			isa = PBXGroup;
			children = (
				B80AB1A62A49BAF300CB4B05 /* ContentView.swift */,
				B82AABE32A4C999200F2D51C /* Categories */,
				B82AABDA2A4C636A00F2D51C /* Hikes */,
				B82AABC32A4C597E00F2D51C /* Landmarks */,
				B82AABCF2A4C600A00F2D51C /* Badges */,
				B82AABC42A4C599400F2D51C /* Helpers */,
				B82AABD82A4C623D00F2D51C /* Hike.swift */,
			);
			path = Views;
			sourceTree = "<group>";
		};
		B80AB1BD2A49C0AB00CB4B05 /* Model */ = {
			isa = PBXGroup;
			children = (
				B80AB1BA2A49BF5300CB4B05 /* ModelData.swift */,
				B80AB1B82A49BE1E00CB4B05 /* Landmark.swift */,
			);
			path = Model;
			sourceTree = "<group>";
		};
		B80AB1BE2A49C0B000CB4B05 /* Resources */ = {
			isa = PBXGroup;
			children = (
				B82AABD62A4C61E700F2D51C /* hikeData.json */,
				B80AB1B62A49BDFD00CB4B05 /* landmarkData.json */,
			);
			path = Resources;
			sourceTree = "<group>";
		};
		B82AABC32A4C597E00F2D51C /* Landmarks */ = {
			isa = PBXGroup;
			children = (
				B80AB1C32A49F2AB00CB4B05 /* LandmarkList.swift */,
				B80AB1C12A49F16400CB4B05 /* LandmarkRow.swift */,
				B80AB1C52A49F3BF00CB4B05 /* LandmarkDetail.swift */,
			);
			path = Landmarks;
			sourceTree = "<group>";
		};
		B82AABC42A4C599400F2D51C /* Helpers */ = {
			isa = PBXGroup;
			children = (
				B80AB1B22A49BBD100CB4B05 /* CircleImage.swift */,
				B80AB1B42A49BC2F00CB4B05 /* MapView.swift */,
				B82AABC12A4C589400F2D51C /* FavoriteButton.swift */,
			);
			path = Helpers;
			sourceTree = "<group>";
		};
		B82AABCF2A4C600A00F2D51C /* Badges */ = {
			isa = PBXGroup;
			children = (
				B82AABCD2A4C5FEA00F2D51C /* Badge.swift */,
				B82AABC72A4C5EC500F2D51C /* BadgeBackground.swift */,
				B82AABC92A4C5F8F00F2D51C /* BadgeSymbol.swift */,
				B82AABCB2A4C5FCF00F2D51C /* RotatedBadgeSymbol.swift */,
				B82AABC52A4C5C3200F2D51C /* HexagonParameters.swift */,
			);
			path = Badges;
			sourceTree = "<group>";
		};
		B82AABDA2A4C636A00F2D51C /* Hikes */ = {
			isa = PBXGroup;
			children = (
				B82AABDB2A4C636A00F2D51C /* GraphCapsule.swift */,
				B82AABDC2A4C636A00F2D51C /* HikeGraph.swift */,
				B82AABDD2A4C636A00F2D51C /* HikeDetail.swift */,
				B82AABDE2A4C636A00F2D51C /* HikeView.swift */,
			);
			path = Hikes;
			sourceTree = "<group>";
		};
		B82AABE32A4C999200F2D51C /* Categories */ = {
			isa = PBXGroup;
			children = (
				B82AABE42A4C99A900F2D51C /* CategoryHome.swift */,
				B82AABE62A4C9C0C00F2D51C /* CategoryRow.swift */,
				B82AABE82A4C9D7800F2D51C /* CategoryItem.swift */,
			);
			path = Categories;
			sourceTree = "<group>";
		};
/* End PBXGroup section */

/* Begin PBXNativeTarget section */
		B80AB1A02A49BAF300CB4B05 /* Landmarks2 */ = {
			isa = PBXNativeTarget;
			buildConfigurationList = B80AB1AF2A49BAF500CB4B05 /* Build configuration list for PBXNativeTarget "Landmarks2" */;
			buildPhases = (
				B80AB19D2A49BAF300CB4B05 /* Sources */,
				B80AB19E2A49BAF300CB4B05 /* Frameworks */,
				B80AB19F2A49BAF300CB4B05 /* Resources */,
			);
			buildRules = (
			);
			dependencies = (
			);
			name = Landmarks2;
			productName = Landmarks2;
			productReference = B80AB1A12A49BAF300CB4B05 /* Landmarks2.app */;
			productType = "com.apple.product-type.application";
		};
/* End PBXNativeTarget section */

/* Begin PBXProject section */
		B80AB1992A49BAF300CB4B05 /* Project object */ = {
			isa = PBXProject;
			attributes = {
				BuildIndependentTargetsInParallel = 1;
				LastSwiftUpdateCheck = 1430;
				LastUpgradeCheck = 1430;
				TargetAttributes = {
					B80AB1A02A49BAF300CB4B05 = {
						CreatedOnToolsVersion = 14.3.1;
					};
				};
			};
			buildConfigurationList = B80AB19C2A49BAF300CB4B05 /* Build configuration list for PBXProject "Landmarks2" */;
			compatibilityVersion = "Xcode 14.0";
			developmentRegion = en;
			hasScannedForEncodings = 0;
			knownRegions = (
				en,
				Base,
			);
			mainGroup = B80AB1982A49BAF300CB4B05;
			productRefGroup = B80AB1A22A49BAF300CB4B05 /* Products */;
			projectDirPath = "";
			projectRoot = "";
			targets = (
				B80AB1A02A49BAF300CB4B05 /* Landmarks2 */,
			);
		};
/* End PBXProject section */

/* Begin PBXResourcesBuildPhase section */
		B80AB19F2A49BAF300CB4B05 /* Resources */ = {
			isa = PBXResourcesBuildPhase;
			buildActionMask = 2147483647;
			files = (
				B82AABD72A4C61E700F2D51C /* hikeData.json in Resources */,
				B80AB1AC2A49BAF500CB4B05 /* Preview Assets.xcassets in Resources */,
				B80AB1A92A49BAF500CB4B05 /* Assets.xcassets in Resources */,
				B80AB1B72A49BDFD00CB4B05 /* landmarkData.json in Resources */,
			);
			runOnlyForDeploymentPostprocessing = 0;
		};
/* End PBXResourcesBuildPhase section */

/* Begin PBXSourcesBuildPhase section */
		B80AB19D2A49BAF300CB4B05 /* Sources */ = {
			isa = PBXSourcesBuildPhase;
			buildActionMask = 2147483647;
			files = (
				B82AABE72A4C9C0C00F2D51C /* CategoryRow.swift in Sources */,
				B80AB1A72A49BAF300CB4B05 /* ContentView.swift in Sources */,
				B82AABE52A4C99A900F2D51C /* CategoryHome.swift in Sources */,
				B82AABE02A4C636A00F2D51C /* HikeGraph.swift in Sources */,
				B82AABCE2A4C5FEA00F2D51C /* Badge.swift in Sources */,
				B80AB1B52A49BC2F00CB4B05 /* MapView.swift in Sources */,
				B82AABDF2A4C636A00F2D51C /* GraphCapsule.swift in Sources */,
				B80AB1A52A49BAF300CB4B05 /* Landmarks2App.swift in Sources */,
				B82AABC22A4C589400F2D51C /* FavoriteButton.swift in Sources */,
				B82AABE92A4C9D7800F2D51C /* CategoryItem.swift in Sources */,
				B82AABE12A4C636A00F2D51C /* HikeDetail.swift in Sources */,
				B82AABC62A4C5C3300F2D51C /* HexagonParameters.swift in Sources */,
				B82AABD92A4C623D00F2D51C /* Hike.swift in Sources */,
				B82AABCC2A4C5FCF00F2D51C /* RotatedBadgeSymbol.swift in Sources */,
				B82AABCA2A4C5F8F00F2D51C /* BadgeSymbol.swift in Sources */,
				B80AB1C42A49F2AB00CB4B05 /* LandmarkList.swift in Sources */,
				B82AABE22A4C636A00F2D51C /* HikeView.swift in Sources */,
				B80AB1C62A49F3BF00CB4B05 /* LandmarkDetail.swift in Sources */,
				B82AABC82A4C5EC500F2D51C /* BadgeBackground.swift in Sources */,
				B80AB1B32A49BBD100CB4B05 /* CircleImage.swift in Sources */,
				B80AB1B92A49BE1E00CB4B05 /* Landmark.swift in Sources */,
				B80AB1C22A49F16400CB4B05 /* LandmarkRow.swift in Sources */,
				B80AB1BB2A49BF5300CB4B05 /* ModelData.swift in Sources */,
			);
			runOnlyForDeploymentPostprocessing = 0;
		};
/* End PBXSourcesBuildPhase section */

/* Begin XCBuildConfiguration section */
		B80AB1AD2A49BAF500CB4B05 /* Debug */ = {
			isa = XCBuildConfiguration;
			buildSettings = {
				ALWAYS_SEARCH_USER_PATHS = NO;
				CLANG_ANALYZER_NONNULL = YES;
				CLANG_ANALYZER_NUMBER_OBJECT_CONVERSION = YES_AGGRESSIVE;
				CLANG_CXX_LANGUAGE_STANDARD = "gnu++20";
				CLANG_ENABLE_MODULES = YES;
				CLANG_ENABLE_OBJC_ARC = YES;
				CLANG_ENABLE_OBJC_WEAK = YES;
				CLANG_WARN_BLOCK_CAPTURE_AUTORELEASING = YES;
				CLANG_WARN_BOOL_CONVERSION = YES;
				CLANG_WARN_COMMA = YES;
				CLANG_WARN_CONSTANT_CONVERSION = YES;
				CLANG_WARN_DEPRECATED_OBJC_IMPLEMENTATIONS = YES;
				CLANG_WARN_DIRECT_OBJC_ISA_USAGE = YES_ERROR;
				CLANG_WARN_DOCUMENTATION_COMMENTS = YES;
				CLANG_WARN_EMPTY_BODY = YES;
				CLANG_WARN_ENUM_CONVERSION = YES;
				CLANG_WARN_INFINITE_RECURSION = YES;
				CLANG_WARN_INT_CONVERSION = YES;
				CLANG_WARN_NON_LITERAL_NULL_CONVERSION = YES;
				CLANG_WARN_OBJC_IMPLICIT_RETAIN_SELF = YES;
				CLANG_WARN_OBJC_LITERAL_CONVERSION = YES;
				CLANG_WARN_OBJC_ROOT_CLASS = YES_ERROR;
				CLANG_WARN_QUOTED_INCLUDE_IN_FRAMEWORK_HEADER = YES;
				CLANG_WARN_RANGE_LOOP_ANALYSIS = YES;
				CLANG_WARN_STRICT_PROTOTYPES = YES;
				CLANG_WARN_SUSPICIOUS_MOVE = YES;
				CLANG_WARN_UNGUARDED_AVAILABILITY = YES_AGGRESSIVE;
				CLANG_WARN_UNREACHABLE_CODE = YES;
				CLANG_WARN__DUPLICATE_METHOD_MATCH = YES;
				COPY_PHASE_STRIP = NO;
				DEBUG_INFORMATION_FORMAT = dwarf;
				ENABLE_STRICT_OBJC_MSGSEND = YES;
				ENABLE_TESTABILITY = YES;
				GCC_C_LANGUAGE_STANDARD = gnu11;
				GCC_DYNAMIC_NO_PIC = NO;
				GCC_NO_COMMON_BLOCKS = YES;
				GCC_OPTIMIZATION_LEVEL = 0;
				GCC_PREPROCESSOR_DEFINITIONS = (
					"DEBUG=1",
					"$(inherited)",
				);
				GCC_WARN_64_TO_32_BIT_CONVERSION = YES;
				GCC_WARN_ABOUT_RETURN_TYPE = YES_ERROR;
				GCC_WARN_UNDECLARED_SELECTOR = YES;
				GCC_WARN_UNINITIALIZED_AUTOS = YES_AGGRESSIVE;
				GCC_WARN_UNUSED_FUNCTION = YES;
				GCC_WARN_UNUSED_VARIABLE = YES;
				IPHONEOS_DEPLOYMENT_TARGET = 16.4;
				MTL_ENABLE_DEBUG_INFO = INCLUDE_SOURCE;
				MTL_FAST_MATH = YES;
				ONLY_ACTIVE_ARCH = YES;
				SDKROOT = iphoneos;
				SWIFT_ACTIVE_COMPILATION_CONDITIONS = DEBUG;
				SWIFT_OPTIMIZATION_LEVEL = "-Onone";
			};
			name = Debug;
		};
		B80AB1AE2A49BAF500CB4B05 /* Release */ = {
			isa = XCBuildConfiguration;
			buildSettings = {
				ALWAYS_SEARCH_USER_PATHS = NO;
				CLANG_ANALYZER_NONNULL = YES;
				CLANG_ANALYZER_NUMBER_OBJECT_CONVERSION = YES_AGGRESSIVE;
				CLANG_CXX_LANGUAGE_STANDARD = "gnu++20";
				CLANG_ENABLE_MODULES = YES;
				CLANG_ENABLE_OBJC_ARC = YES;
				CLANG_ENABLE_OBJC_WEAK = YES;
				CLANG_WARN_BLOCK_CAPTURE_AUTORELEASING = YES;
				CLANG_WARN_BOOL_CONVERSION = YES;
				CLANG_WARN_COMMA = YES;
				CLANG_WARN_CONSTANT_CONVERSION = YES;
				CLANG_WARN_DEPRECATED_OBJC_IMPLEMENTATIONS = YES;
				CLANG_WARN_DIRECT_OBJC_ISA_USAGE = YES_ERROR;
				CLANG_WARN_DOCUMENTATION_COMMENTS = YES;
				CLANG_WARN_EMPTY_BODY = YES;
				CLANG_WARN_ENUM_CONVERSION = YES;
				CLANG_WARN_INFINITE_RECURSION = YES;
				CLANG_WARN_INT_CONVERSION = YES;
				CLANG_WARN_NON_LITERAL_NULL_CONVERSION = YES;
				CLANG_WARN_OBJC_IMPLICIT_RETAIN_SELF = YES;
				CLANG_WARN_OBJC_LITERAL_CONVERSION = YES;
				CLANG_WARN_OBJC_ROOT_CLASS = YES_ERROR;
				CLANG_WARN_QUOTED_INCLUDE_IN_FRAMEWORK_HEADER = YES;
				CLANG_WARN_RANGE_LOOP_ANALYSIS = YES;
				CLANG_WARN_STRICT_PROTOTYPES = YES;
				CLANG_WARN_SUSPICIOUS_MOVE = YES;
				CLANG_WARN_UNGUARDED_AVAILABILITY = YES_AGGRESSIVE;
				CLANG_WARN_UNREACHABLE_CODE = YES;
				CLANG_WARN__DUPLICATE_METHOD_MATCH = YES;
				COPY_PHASE_STRIP = NO;
				DEBUG_INFORMATION_FORMAT = "dwarf-with-dsym";
				ENABLE_NS_ASSERTIONS = NO;
				ENABLE_STRICT_OBJC_MSGSEND = YES;
				GCC_C_LANGUAGE_STANDARD = gnu11;
				GCC_NO_COMMON_BLOCKS = YES;
				GCC_WARN_64_TO_32_BIT_CONVERSION = YES;
				GCC_WARN_ABOUT_RETURN_TYPE = YES_ERROR;
				GCC_WARN_UNDECLARED_SELECTOR = YES;
				GCC_WARN_UNINITIALIZED_AUTOS = YES_AGGRESSIVE;
				GCC_WARN_UNUSED_FUNCTION = YES;
				GCC_WARN_UNUSED_VARIABLE = YES;
				IPHONEOS_DEPLOYMENT_TARGET = 16.4;
				MTL_ENABLE_DEBUG_INFO = NO;
				MTL_FAST_MATH = YES;
				SDKROOT = iphoneos;
				SWIFT_COMPILATION_MODE = wholemodule;
				SWIFT_OPTIMIZATION_LEVEL = "-O";
				VALIDATE_PRODUCT = YES;
			};
			name = Release;
		};
		B80AB1B02A49BAF500CB4B05 /* Debug */ = {
			isa = XCBuildConfiguration;
			buildSettings = {
				ASSETCATALOG_COMPILER_APPICON_NAME = AppIcon;
				ASSETCATALOG_COMPILER_GLOBAL_ACCENT_COLOR_NAME = AccentColor;
				CODE_SIGN_STYLE = Automatic;
				CURRENT_PROJECT_VERSION = 1;
				DEVELOPMENT_ASSET_PATHS = "\"Landmarks2/Preview Content\"";
				DEVELOPMENT_TEAM = RCM87YWJ79;
				ENABLE_PREVIEWS = YES;
				GENERATE_INFOPLIST_FILE = YES;
				INFOPLIST_KEY_UIApplicationSceneManifest_Generation = YES;
				INFOPLIST_KEY_UIApplicationSupportsIndirectInputEvents = YES;
				INFOPLIST_KEY_UILaunchScreen_Generation = YES;
				INFOPLIST_KEY_UISupportedInterfaceOrientations_iPad = "UIInterfaceOrientationPortrait UIInterfaceOrientationPortraitUpsideDown UIInterfaceOrientationLandscapeLeft UIInterfaceOrientationLandscapeRight";
				INFOPLIST_KEY_UISupportedInterfaceOrientations_iPhone = "UIInterfaceOrientationPortrait UIInterfaceOrientationLandscapeLeft UIInterfaceOrientationLandscapeRight";
				LD_RUNPATH_SEARCH_PATHS = (
					"$(inherited)",
					"@executable_path/Frameworks",
				);
				MARKETING_VERSION = 1.0;
				PRODUCT_BUNDLE_IDENTIFIER = kybeen.Landmarks2;
				PRODUCT_NAME = "$(TARGET_NAME)";
				SWIFT_EMIT_LOC_STRINGS = YES;
				SWIFT_VERSION = 5.0;
				TARGETED_DEVICE_FAMILY = "1,2";
			};
			name = Debug;
		};
		B80AB1B12A49BAF500CB4B05 /* Release */ = {
			isa = XCBuildConfiguration;
			buildSettings = {
				ASSETCATALOG_COMPILER_APPICON_NAME = AppIcon;
				ASSETCATALOG_COMPILER_GLOBAL_ACCENT_COLOR_NAME = AccentColor;
				CODE_SIGN_STYLE = Automatic;
				CURRENT_PROJECT_VERSION = 1;
				DEVELOPMENT_ASSET_PATHS = "\"Landmarks2/Preview Content\"";
				DEVELOPMENT_TEAM = RCM87YWJ79;
				ENABLE_PREVIEWS = YES;
				GENERATE_INFOPLIST_FILE = YES;
				INFOPLIST_KEY_UIApplicationSceneManifest_Generation = YES;
				INFOPLIST_KEY_UIApplicationSupportsIndirectInputEvents = YES;
				INFOPLIST_KEY_UILaunchScreen_Generation = YES;
				INFOPLIST_KEY_UISupportedInterfaceOrientations_iPad = "UIInterfaceOrientationPortrait UIInterfaceOrientationPortraitUpsideDown UIInterfaceOrientationLandscapeLeft UIInterfaceOrientationLandscapeRight";
				INFOPLIST_KEY_UISupportedInterfaceOrientations_iPhone = "UIInterfaceOrientationPortrait UIInterfaceOrientationLandscapeLeft UIInterfaceOrientationLandscapeRight";
				LD_RUNPATH_SEARCH_PATHS = (
					"$(inherited)",
					"@executable_path/Frameworks",
				);
				MARKETING_VERSION = 1.0;
				PRODUCT_BUNDLE_IDENTIFIER = kybeen.Landmarks2;
				PRODUCT_NAME = "$(TARGET_NAME)";
				SWIFT_EMIT_LOC_STRINGS = YES;
				SWIFT_VERSION = 5.0;
				TARGETED_DEVICE_FAMILY = "1,2";
			};
			name = Release;
		};
/* End XCBuildConfiguration section */

/* Begin XCConfigurationList section */
		B80AB19C2A49BAF300CB4B05 /* Build configuration list for PBXProject "Landmarks2" */ = {
			isa = XCConfigurationList;
			buildConfigurations = (
				B80AB1AD2A49BAF500CB4B05 /* Debug */,
				B80AB1AE2A49BAF500CB4B05 /* Release */,
			);
			defaultConfigurationIsVisible = 0;
			defaultConfigurationName = Release;
		};
		B80AB1AF2A49BAF500CB4B05 /* Build configuration list for PBXNativeTarget "Landmarks2" */ = {
			isa = XCConfigurationList;
			buildConfigurations = (
				B80AB1B02A49BAF500CB4B05 /* Debug */,
				B80AB1B12A49BAF500CB4B05 /* Release */,
			);
			defaultConfigurationIsVisible = 0;
			defaultConfigurationName = Release;
		};
/* End XCConfigurationList section */
	};
	rootObject = B80AB1992A49BAF300CB4B05 /* Project object */;
}
