// !$*UTF8*$!
{
	archiveVersion = 1;
	classes = {
	};
	objectVersion = 56;
	objects = {

/* Begin PBXBuildFile section */
		B82BFEA92A5017F60069061C /* CoreMotionTestApp.swift in Sources */ = {isa = PBXBuildFile; fileRef = B82BFEA82A5017F60069061C /* CoreMotionTestApp.swift */; };
		B82BFEAB2A5017F60069061C /* ContentView.swift in Sources */ = {isa = PBXBuildFile; fileRef = B82BFEAA2A5017F60069061C /* ContentView.swift */; };
		B82BFEAD2A5017F70069061C /* Assets.xcassets in Resources */ = {isa = PBXBuildFile; fileRef = B82BFEAC2A5017F70069061C /* Assets.xcassets */; };
		B82BFEB02A5017F70069061C /* Preview Assets.xcassets in Resources */ = {isa = PBXBuildFile; fileRef = B82BFEAF2A5017F70069061C /* Preview Assets.xcassets */; };
		B8EC9BE72A51A392007E918C /* AccelerationView.swift in Sources */ = {isa = PBXBuildFile; fileRef = B8EC9BE62A51A392007E918C /* AccelerationView.swift */; };
		B8EC9BE92A51A3AC007E918C /* RotationRateView.swift in Sources */ = {isa = PBXBuildFile; fileRef = B8EC9BE82A51A3AC007E918C /* RotationRateView.swift */; };
		B8EC9BEC2A530ED5007E918C /* GraphView.swift in Sources */ = {isa = PBXBuildFile; fileRef = B8EC9BEB2A530ED5007E918C /* GraphView.swift */; };
/* End PBXBuildFile section */

/* Begin PBXFileReference section */
		B82BFEA52A5017F60069061C /* CoreMotionTest.app */ = {isa = PBXFileReference; explicitFileType = wrapper.application; includeInIndex = 0; path = CoreMotionTest.app; sourceTree = BUILT_PRODUCTS_DIR; };
		B82BFEA82A5017F60069061C /* CoreMotionTestApp.swift */ = {isa = PBXFileReference; lastKnownFileType = sourcecode.swift; path = CoreMotionTestApp.swift; sourceTree = "<group>"; };
		B82BFEAA2A5017F60069061C /* ContentView.swift */ = {isa = PBXFileReference; lastKnownFileType = sourcecode.swift; path = ContentView.swift; sourceTree = "<group>"; };
		B82BFEAC2A5017F70069061C /* Assets.xcassets */ = {isa = PBXFileReference; lastKnownFileType = folder.assetcatalog; path = Assets.xcassets; sourceTree = "<group>"; };
		B82BFEAF2A5017F70069061C /* Preview Assets.xcassets */ = {isa = PBXFileReference; lastKnownFileType = folder.assetcatalog; path = "Preview Assets.xcassets"; sourceTree = "<group>"; };
		B8EC9BE52A50A90D007E918C /* Info.plist */ = {isa = PBXFileReference; lastKnownFileType = text.plist; path = Info.plist; sourceTree = "<group>"; };
		B8EC9BE62A51A392007E918C /* AccelerationView.swift */ = {isa = PBXFileReference; lastKnownFileType = sourcecode.swift; path = AccelerationView.swift; sourceTree = "<group>"; };
		B8EC9BE82A51A3AC007E918C /* RotationRateView.swift */ = {isa = PBXFileReference; lastKnownFileType = sourcecode.swift; path = RotationRateView.swift; sourceTree = "<group>"; };
		B8EC9BEB2A530ED5007E918C /* GraphView.swift */ = {isa = PBXFileReference; lastKnownFileType = sourcecode.swift; path = GraphView.swift; sourceTree = "<group>"; };
/* End PBXFileReference section */

/* Begin PBXFrameworksBuildPhase section */
		B82BFEA22A5017F60069061C /* Frameworks */ = {
			isa = PBXFrameworksBuildPhase;
			buildActionMask = 2147483647;
			files = (
			);
			runOnlyForDeploymentPostprocessing = 0;
		};
/* End PBXFrameworksBuildPhase section */

/* Begin PBXGroup section */
		B82BFE9C2A5017F50069061C = {
			isa = PBXGroup;
			children = (
				B82BFEA72A5017F60069061C /* CoreMotionTest */,
				B82BFEA62A5017F60069061C /* Products */,
			);
			sourceTree = "<group>";
		};
		B82BFEA62A5017F60069061C /* Products */ = {
			isa = PBXGroup;
			children = (
				B82BFEA52A5017F60069061C /* CoreMotionTest.app */,
			);
			name = Products;
			sourceTree = "<group>";
		};
		B82BFEA72A5017F60069061C /* CoreMotionTest */ = {
			isa = PBXGroup;
			children = (
				B8EC9BE52A50A90D007E918C /* Info.plist */,
				B82BFEA82A5017F60069061C /* CoreMotionTestApp.swift */,
				B82BFEAA2A5017F60069061C /* ContentView.swift */,
				B8EC9BE62A51A392007E918C /* AccelerationView.swift */,
				B8EC9BE82A51A3AC007E918C /* RotationRateView.swift */,
				B82BFEAC2A5017F70069061C /* Assets.xcassets */,
				B82BFEAE2A5017F70069061C /* Preview Content */,
				B8EC9BEB2A530ED5007E918C /* GraphView.swift */,
			);
			path = CoreMotionTest;
			sourceTree = "<group>";
		};
		B82BFEAE2A5017F70069061C /* Preview Content */ = {
			isa = PBXGroup;
			children = (
				B82BFEAF2A5017F70069061C /* Preview Assets.xcassets */,
			);
			path = "Preview Content";
			sourceTree = "<group>";
		};
/* End PBXGroup section */

/* Begin PBXNativeTarget section */
		B82BFEA42A5017F60069061C /* CoreMotionTest */ = {
			isa = PBXNativeTarget;
			buildConfigurationList = B82BFEB32A5017F70069061C /* Build configuration list for PBXNativeTarget "CoreMotionTest" */;
			buildPhases = (
				B82BFEA12A5017F60069061C /* Sources */,
				B82BFEA22A5017F60069061C /* Frameworks */,
				B82BFEA32A5017F60069061C /* Resources */,
			);
			buildRules = (
			);
			dependencies = (
			);
			name = CoreMotionTest;
			productName = CoreMotionTest;
			productReference = B82BFEA52A5017F60069061C /* CoreMotionTest.app */;
			productType = "com.apple.product-type.application";
		};
/* End PBXNativeTarget section */

/* Begin PBXProject section */
		B82BFE9D2A5017F50069061C /* Project object */ = {
			isa = PBXProject;
			attributes = {
				BuildIndependentTargetsInParallel = 1;
				LastSwiftUpdateCheck = 1430;
				LastUpgradeCheck = 1430;
				TargetAttributes = {
					B82BFEA42A5017F60069061C = {
						CreatedOnToolsVersion = 14.3.1;
					};
				};
			};
			buildConfigurationList = B82BFEA02A5017F50069061C /* Build configuration list for PBXProject "CoreMotionTest" */;
			compatibilityVersion = "Xcode 14.0";
			developmentRegion = en;
			hasScannedForEncodings = 0;
			knownRegions = (
				en,
				Base,
			);
			mainGroup = B82BFE9C2A5017F50069061C;
			productRefGroup = B82BFEA62A5017F60069061C /* Products */;
			projectDirPath = "";
			projectRoot = "";
			targets = (
				B82BFEA42A5017F60069061C /* CoreMotionTest */,
			);
		};
/* End PBXProject section */

/* Begin PBXResourcesBuildPhase section */
		B82BFEA32A5017F60069061C /* Resources */ = {
			isa = PBXResourcesBuildPhase;
			buildActionMask = 2147483647;
			files = (
				B82BFEB02A5017F70069061C /* Preview Assets.xcassets in Resources */,
				B82BFEAD2A5017F70069061C /* Assets.xcassets in Resources */,
			);
			runOnlyForDeploymentPostprocessing = 0;
		};
/* End PBXResourcesBuildPhase section */

/* Begin PBXSourcesBuildPhase section */
		B82BFEA12A5017F60069061C /* Sources */ = {
			isa = PBXSourcesBuildPhase;
			buildActionMask = 2147483647;
			files = (
				B8EC9BEC2A530ED5007E918C /* GraphView.swift in Sources */,
				B8EC9BE92A51A3AC007E918C /* RotationRateView.swift in Sources */,
				B82BFEAB2A5017F60069061C /* ContentView.swift in Sources */,
				B82BFEA92A5017F60069061C /* CoreMotionTestApp.swift in Sources */,
				B8EC9BE72A51A392007E918C /* AccelerationView.swift in Sources */,
			);
			runOnlyForDeploymentPostprocessing = 0;
		};
/* End PBXSourcesBuildPhase section */

/* Begin XCBuildConfiguration section */
		B82BFEB12A5017F70069061C /* Debug */ = {
			isa = XCBuildConfiguration;
			buildSettings = {
				ALWAYS_SEARCH_USER_PATHS = NO;
				CLANG_ANALYZER_NONNULL = YES;
				CLANG_ANALYZER_NUMBER_OBJECT_CONVERSION = YES_AGGRESSIVE;
				CLANG_CXX_LANGUAGE_STANDARD = "gnu++20";
				CLANG_ENABLE_MODULES = YES;
				CLANG_ENABLE_OBJC_ARC = YES;
				CLANG_ENABLE_OBJC_WEAK = YES;
				CLANG_WARN_BLOCK_CAPTURE_AUTORELEASING = YES;
				CLANG_WARN_BOOL_CONVERSION = YES;
				CLANG_WARN_COMMA = YES;
				CLANG_WARN_CONSTANT_CONVERSION = YES;
				CLANG_WARN_DEPRECATED_OBJC_IMPLEMENTATIONS = YES;
				CLANG_WARN_DIRECT_OBJC_ISA_USAGE = YES_ERROR;
				CLANG_WARN_DOCUMENTATION_COMMENTS = YES;
				CLANG_WARN_EMPTY_BODY = YES;
				CLANG_WARN_ENUM_CONVERSION = YES;
				CLANG_WARN_INFINITE_RECURSION = YES;
				CLANG_WARN_INT_CONVERSION = YES;
				CLANG_WARN_NON_LITERAL_NULL_CONVERSION = YES;
				CLANG_WARN_OBJC_IMPLICIT_RETAIN_SELF = YES;
				CLANG_WARN_OBJC_LITERAL_CONVERSION = YES;
				CLANG_WARN_OBJC_ROOT_CLASS = YES_ERROR;
				CLANG_WARN_QUOTED_INCLUDE_IN_FRAMEWORK_HEADER = YES;
				CLANG_WARN_RANGE_LOOP_ANALYSIS = YES;
				CLANG_WARN_STRICT_PROTOTYPES = YES;
				CLANG_WARN_SUSPICIOUS_MOVE = YES;
				CLANG_WARN_UNGUARDED_AVAILABILITY = YES_AGGRESSIVE;
				CLANG_WARN_UNREACHABLE_CODE = YES;
				CLANG_WARN__DUPLICATE_METHOD_MATCH = YES;
				COPY_PHASE_STRIP = NO;
				DEBUG_INFORMATION_FORMAT = dwarf;
				ENABLE_STRICT_OBJC_MSGSEND = YES;
				ENABLE_TESTABILITY = YES;
				GCC_C_LANGUAGE_STANDARD = gnu11;
				GCC_DYNAMIC_NO_PIC = NO;
				GCC_NO_COMMON_BLOCKS = YES;
				GCC_OPTIMIZATION_LEVEL = 0;
				GCC_PREPROCESSOR_DEFINITIONS = (
					"DEBUG=1",
					"$(inherited)",
				);
				GCC_WARN_64_TO_32_BIT_CONVERSION = YES;
				GCC_WARN_ABOUT_RETURN_TYPE = YES_ERROR;
				GCC_WARN_UNDECLARED_SELECTOR = YES;
				GCC_WARN_UNINITIALIZED_AUTOS = YES_AGGRESSIVE;
				GCC_WARN_UNUSED_FUNCTION = YES;
				GCC_WARN_UNUSED_VARIABLE = YES;
				IPHONEOS_DEPLOYMENT_TARGET = 16.4;
				MTL_ENABLE_DEBUG_INFO = INCLUDE_SOURCE;
				MTL_FAST_MATH = YES;
				ONLY_ACTIVE_ARCH = YES;
				SDKROOT = iphoneos;
				SWIFT_ACTIVE_COMPILATION_CONDITIONS = DEBUG;
				SWIFT_OPTIMIZATION_LEVEL = "-Onone";
			};
			name = Debug;
		};
		B82BFEB22A5017F70069061C /* Release */ = {
			isa = XCBuildConfiguration;
			buildSettings = {
				ALWAYS_SEARCH_USER_PATHS = NO;
				CLANG_ANALYZER_NONNULL = YES;
				CLANG_ANALYZER_NUMBER_OBJECT_CONVERSION = YES_AGGRESSIVE;
				CLANG_CXX_LANGUAGE_STANDARD = "gnu++20";
				CLANG_ENABLE_MODULES = YES;
				CLANG_ENABLE_OBJC_ARC = YES;
				CLANG_ENABLE_OBJC_WEAK = YES;
				CLANG_WARN_BLOCK_CAPTURE_AUTORELEASING = YES;
				CLANG_WARN_BOOL_CONVERSION = YES;
				CLANG_WARN_COMMA = YES;
				CLANG_WARN_CONSTANT_CONVERSION = YES;
				CLANG_WARN_DEPRECATED_OBJC_IMPLEMENTATIONS = YES;
				CLANG_WARN_DIRECT_OBJC_ISA_USAGE = YES_ERROR;
				CLANG_WARN_DOCUMENTATION_COMMENTS = YES;
				CLANG_WARN_EMPTY_BODY = YES;
				CLANG_WARN_ENUM_CONVERSION = YES;
				CLANG_WARN_INFINITE_RECURSION = YES;
				CLANG_WARN_INT_CONVERSION = YES;
				CLANG_WARN_NON_LITERAL_NULL_CONVERSION = YES;
				CLANG_WARN_OBJC_IMPLICIT_RETAIN_SELF = YES;
				CLANG_WARN_OBJC_LITERAL_CONVERSION = YES;
				CLANG_WARN_OBJC_ROOT_CLASS = YES_ERROR;
				CLANG_WARN_QUOTED_INCLUDE_IN_FRAMEWORK_HEADER = YES;
				CLANG_WARN_RANGE_LOOP_ANALYSIS = YES;
				CLANG_WARN_STRICT_PROTOTYPES = YES;
				CLANG_WARN_SUSPICIOUS_MOVE = YES;
				CLANG_WARN_UNGUARDED_AVAILABILITY = YES_AGGRESSIVE;
				CLANG_WARN_UNREACHABLE_CODE = YES;
				CLANG_WARN__DUPLICATE_METHOD_MATCH = YES;
				COPY_PHASE_STRIP = NO;
				DEBUG_INFORMATION_FORMAT = "dwarf-with-dsym";
				ENABLE_NS_ASSERTIONS = NO;
				ENABLE_STRICT_OBJC_MSGSEND = YES;
				GCC_C_LANGUAGE_STANDARD = gnu11;
				GCC_NO_COMMON_BLOCKS = YES;
				GCC_WARN_64_TO_32_BIT_CONVERSION = YES;
				GCC_WARN_ABOUT_RETURN_TYPE = YES_ERROR;
				GCC_WARN_UNDECLARED_SELECTOR = YES;
				GCC_WARN_UNINITIALIZED_AUTOS = YES_AGGRESSIVE;
				GCC_WARN_UNUSED_FUNCTION = YES;
				GCC_WARN_UNUSED_VARIABLE = YES;
				IPHONEOS_DEPLOYMENT_TARGET = 16.4;
				MTL_ENABLE_DEBUG_INFO = NO;
				MTL_FAST_MATH = YES;
				SDKROOT = iphoneos;
				SWIFT_COMPILATION_MODE = wholemodule;
				SWIFT_OPTIMIZATION_LEVEL = "-O";
				VALIDATE_PRODUCT = YES;
			};
			name = Release;
		};
		B82BFEB42A5017F70069061C /* Debug */ = {
			isa = XCBuildConfiguration;
			buildSettings = {
				ASSETCATALOG_COMPILER_APPICON_NAME = AppIcon;
				ASSETCATALOG_COMPILER_GLOBAL_ACCENT_COLOR_NAME = AccentColor;
				CODE_SIGN_STYLE = Automatic;
				CURRENT_PROJECT_VERSION = 1;
				DEVELOPMENT_ASSET_PATHS = "\"CoreMotionTest/Preview Content\"";
				DEVELOPMENT_TEAM = RCM87YWJ79;
				ENABLE_PREVIEWS = YES;
				GENERATE_INFOPLIST_FILE = YES;
				INFOPLIST_FILE = CoreMotionTest/Info.plist;
				INFOPLIST_KEY_UIApplicationSceneManifest_Generation = YES;
				INFOPLIST_KEY_UIApplicationSupportsIndirectInputEvents = YES;
				INFOPLIST_KEY_UILaunchScreen_Generation = YES;
				INFOPLIST_KEY_UIRequiredDeviceCapabilities = "accelerometer gyroscope";
				INFOPLIST_KEY_UISupportedInterfaceOrientations_iPad = "UIInterfaceOrientationPortrait UIInterfaceOrientationPortraitUpsideDown UIInterfaceOrientationLandscapeLeft UIInterfaceOrientationLandscapeRight";
				INFOPLIST_KEY_UISupportedInterfaceOrientations_iPhone = "UIInterfaceOrientationPortrait UIInterfaceOrientationLandscapeLeft UIInterfaceOrientationLandscapeRight";
				LD_RUNPATH_SEARCH_PATHS = (
					"$(inherited)",
					"@executable_path/Frameworks",
				);
				MARKETING_VERSION = 1.0;
				PRODUCT_BUNDLE_IDENTIFIER = kybeen.CoreMotionTest;
				PRODUCT_NAME = "$(TARGET_NAME)";
				SWIFT_EMIT_LOC_STRINGS = YES;
				SWIFT_VERSION = 5.0;
				TARGETED_DEVICE_FAMILY = "1,2";
			};
			name = Debug;
		};
		B82BFEB52A5017F70069061C /* Release */ = {
			isa = XCBuildConfiguration;
			buildSettings = {
				ASSETCATALOG_COMPILER_APPICON_NAME = AppIcon;
				ASSETCATALOG_COMPILER_GLOBAL_ACCENT_COLOR_NAME = AccentColor;
				CODE_SIGN_STYLE = Automatic;
				CURRENT_PROJECT_VERSION = 1;
				DEVELOPMENT_ASSET_PATHS = "\"CoreMotionTest/Preview Content\"";
				DEVELOPMENT_TEAM = RCM87YWJ79;
				ENABLE_PREVIEWS = YES;
				GENERATE_INFOPLIST_FILE = YES;
				INFOPLIST_FILE = CoreMotionTest/Info.plist;
				INFOPLIST_KEY_UIApplicationSceneManifest_Generation = YES;
				INFOPLIST_KEY_UIApplicationSupportsIndirectInputEvents = YES;
				INFOPLIST_KEY_UILaunchScreen_Generation = YES;
				INFOPLIST_KEY_UIRequiredDeviceCapabilities = "accelerometer gyroscope";
				INFOPLIST_KEY_UISupportedInterfaceOrientations_iPad = "UIInterfaceOrientationPortrait UIInterfaceOrientationPortraitUpsideDown UIInterfaceOrientationLandscapeLeft UIInterfaceOrientationLandscapeRight";
				INFOPLIST_KEY_UISupportedInterfaceOrientations_iPhone = "UIInterfaceOrientationPortrait UIInterfaceOrientationLandscapeLeft UIInterfaceOrientationLandscapeRight";
				LD_RUNPATH_SEARCH_PATHS = (
					"$(inherited)",
					"@executable_path/Frameworks",
				);
				MARKETING_VERSION = 1.0;
				PRODUCT_BUNDLE_IDENTIFIER = kybeen.CoreMotionTest;
				PRODUCT_NAME = "$(TARGET_NAME)";
				SWIFT_EMIT_LOC_STRINGS = YES;
				SWIFT_VERSION = 5.0;
				TARGETED_DEVICE_FAMILY = "1,2";
			};
			name = Release;
		};
/* End XCBuildConfiguration section */

/* Begin XCConfigurationList section */
		B82BFEA02A5017F50069061C /* Build configuration list for PBXProject "CoreMotionTest" */ = {
			isa = XCConfigurationList;
			buildConfigurations = (
				B82BFEB12A5017F70069061C /* Debug */,
				B82BFEB22A5017F70069061C /* Release */,
			);
			defaultConfigurationIsVisible = 0;
			defaultConfigurationName = Release;
		};
		B82BFEB32A5017F70069061C /* Build configuration list for PBXNativeTarget "CoreMotionTest" */ = {
			isa = XCConfigurationList;
			buildConfigurations = (
				B82BFEB42A5017F70069061C /* Debug */,
				B82BFEB52A5017F70069061C /* Release */,
			);
			defaultConfigurationIsVisible = 0;
			defaultConfigurationName = Release;
		};
/* End XCConfigurationList section */
	};
	rootObject = B82BFE9D2A5017F50069061C /* Project object */;
}
